
Microsoft Visual Studio Solution File, Format Version 12.00
# Visual Studio 2012
Project("{FAE04EC0-301F-11D3-BF4B-00C04F79EFBC}") = "XamarinPlayer", "XamarinPlayer\XamarinPlayer.csproj", "{9106E460-71C7-4545-9354-9EF1CC25524D}"
EndProject
Global
	GlobalSection(SolutionConfigurationPlatforms) = preSolution
		Debug|iPhoneSimulator = Debug|iPhoneSimulator
		Release|iPhone = Release|iPhone
		Release|iPhoneSimulator = Release|iPhoneSimulator
		Debug|iPhone = Debug|iPhone
	EndGlobalSection
	GlobalSection(ProjectConfigurationPlatforms) = postSolution
		{9106E460-71C7-4545-9354-9EF1CC25524D}.Debug|iPhone.ActiveCfg = Debug|iPhone
		{9106E460-71C7-4545-9354-9EF1CC25524D}.Debug|iPhone.Build.0 = Debug|iPhone
		{9106E460-71C7-4545-9354-9EF1CC25524D}.Debug|iPhoneSimulator.ActiveCfg = Debug|iPhoneSimulator
		{9106E460-71C7-4545-9354-9EF1CC25524D}.Debug|iPhoneSimulator.Build.0 = Debug|iPhoneSimulator
		{9106E460-71C7-4545-9354-9EF1CC25524D}.Release|iPhone.ActiveCfg = Release|iPhone
		{9106E460-71C7-4545-9354-9EF1CC25524D}.Release|iPhone.Build.0 = Release|iPhone
		{9106E460-71C7-4545-9354-9EF1CC25524D}.Release|iPhoneSimulator.ActiveCfg = Release|iPhoneSimulator
		{9106E460-71C7-4545-9354-9EF1CC25524D}.Release|iPhoneSimulator.Build.0 = Release|iPhoneSimulator
	EndGlobalSection
EndGlobal
