
Microsoft Visual Studio Solution File, Format Version 12.00
# Visual Studio 15
VisualStudioVersion = 15.0.27130.2020
MinimumVisualStudioVersion = 10.0.40219.1
Project("{2150E333-8FDC-42A3-9474-1A3956D46DE8}") = "AndroidPlayer", "AndroidPlayer", "{ADE7E898-1446-4BBE-A461-CD031F198709}"
EndProject
Project("{39E2626F-3545-4960-A6E8-258AD8476CE5}") = "AndroidPlayer.Packaging", "AndroidPlayer.Packaging\AndroidPlayer.Packaging.androidproj", "{1F6673FC-B3DE-4280-A307-856EFB2CBDAB}"
EndProject
Project("{8BC9CEB8-8B4A-11D0-8D11-00A0C91BC942}") = "AndroidPlayer.NativeActivity", "AndroidPlayer.NativeActivity\AndroidPlayer.NativeActivity.vcxproj", "{98213E15-8AAB-446C-A90D-5F040E0869AD}"
EndProject
Global
	GlobalSection(SolutionConfigurationPlatforms) = preSolution
		Debug|ARM = Debug|ARM
		Debug|ARM64 = Debug|ARM64
		Debug|x64 = Debug|x64
		Debug|x86 = Debug|x86
		Release|ARM = Release|ARM
		Release|ARM64 = Release|ARM64
		Release|x64 = Release|x64
		Release|x86 = Release|x86
	EndGlobalSection
	GlobalSection(ProjectConfigurationPlatforms) = postSolution
		{1F6673FC-B3DE-4280-A307-856EFB2CBDAB}.Debug|ARM.ActiveCfg = Debug|ARM
		{1F6673FC-B3DE-4280-A307-856EFB2CBDAB}.Debug|ARM.Build.0 = Debug|ARM
		{1F6673FC-B3DE-4280-A307-856EFB2CBDAB}.Debug|ARM.Deploy.0 = Debug|ARM
		{1F6673FC-B3DE-4280-A307-856EFB2CBDAB}.Debug|ARM64.ActiveCfg = Debug|ARM64
		{1F6673FC-B3DE-4280-A307-856EFB2CBDAB}.Debug|ARM64.Build.0 = Debug|ARM64
		{1F6673FC-B3DE-4280-A307-856EFB2CBDAB}.Debug|ARM64.Deploy.0 = Debug|ARM64
		{1F6673FC-B3DE-4280-A307-856EFB2CBDAB}.Debug|x64.ActiveCfg = Debug|x64
		{1F6673FC-B3DE-4280-A307-856EFB2CBDAB}.Debug|x64.Build.0 = Debug|x64
		{1F6673FC-B3DE-4280-A307-856EFB2CBDAB}.Debug|x64.Deploy.0 = Debug|x64
		{1F6673FC-B3DE-4280-A307-856EFB2CBDAB}.Debug|x86.ActiveCfg = Debug|x86
		{1F6673FC-B3DE-4280-A307-856EFB2CBDAB}.Debug|x86.Build.0 = Debug|x86
		{1F6673FC-B3DE-4280-A307-856EFB2CBDAB}.Debug|x86.Deploy.0 = Debug|x86
		{1F6673FC-B3DE-4280-A307-856EFB2CBDAB}.Release|ARM.ActiveCfg = Release|ARM
		{1F6673FC-B3DE-4280-A307-856EFB2CBDAB}.Release|ARM.Build.0 = Release|ARM
		{1F6673FC-B3DE-4280-A307-856EFB2CBDAB}.Release|ARM.Deploy.0 = Release|ARM
		{1F6673FC-B3DE-4280-A307-856EFB2CBDAB}.Release|ARM64.ActiveCfg = Release|ARM64
		{1F6673FC-B3DE-4280-A307-856EFB2CBDAB}.Release|ARM64.Build.0 = Release|ARM64
		{1F6673FC-B3DE-4280-A307-856EFB2CBDAB}.Release|ARM64.Deploy.0 = Release|ARM64
		{1F6673FC-B3DE-4280-A307-856EFB2CBDAB}.Release|x64.ActiveCfg = Release|x64
		{1F6673FC-B3DE-4280-A307-856EFB2CBDAB}.Release|x64.Build.0 = Release|x64
		{1F6673FC-B3DE-4280-A307-856EFB2CBDAB}.Release|x64.Deploy.0 = Release|x64
		{1F6673FC-B3DE-4280-A307-856EFB2CBDAB}.Release|x86.ActiveCfg = Release|x86
		{1F6673FC-B3DE-4280-A307-856EFB2CBDAB}.Release|x86.Build.0 = Release|x86
		{1F6673FC-B3DE-4280-A307-856EFB2CBDAB}.Release|x86.Deploy.0 = Release|x86
		{98213E15-8AAB-446C-A90D-5F040E0869AD}.Debug|ARM.ActiveCfg = Debug|ARM
		{98213E15-8AAB-446C-A90D-5F040E0869AD}.Debug|ARM.Build.0 = Debug|ARM
		{98213E15-8AAB-446C-A90D-5F040E0869AD}.Debug|ARM64.ActiveCfg = Debug|ARM64
		{98213E15-8AAB-446C-A90D-5F040E0869AD}.Debug|ARM64.Build.0 = Debug|ARM64
		{98213E15-8AAB-446C-A90D-5F040E0869AD}.Debug|x64.ActiveCfg = Debug|x64
		{98213E15-8AAB-446C-A90D-5F040E0869AD}.Debug|x64.Build.0 = Debug|x64
		{98213E15-8AAB-446C-A90D-5F040E0869AD}.Debug|x86.ActiveCfg = Debug|x86
		{98213E15-8AAB-446C-A90D-5F040E0869AD}.Debug|x86.Build.0 = Debug|x86
		{98213E15-8AAB-446C-A90D-5F040E0869AD}.Release|ARM.ActiveCfg = Release|ARM
		{98213E15-8AAB-446C-A90D-5F040E0869AD}.Release|ARM.Build.0 = Release|ARM
		{98213E15-8AAB-446C-A90D-5F040E0869AD}.Release|ARM64.ActiveCfg = Release|ARM64
		{98213E15-8AAB-446C-A90D-5F040E0869AD}.Release|ARM64.Build.0 = Release|ARM64
		{98213E15-8AAB-446C-A90D-5F040E0869AD}.Release|x64.ActiveCfg = Release|x64
		{98213E15-8AAB-446C-A90D-5F040E0869AD}.Release|x64.Build.0 = Release|x64
		{98213E15-8AAB-446C-A90D-5F040E0869AD}.Release|x86.ActiveCfg = Release|x86
		{98213E15-8AAB-446C-A90D-5F040E0869AD}.Release|x86.Build.0 = Release|x86
	EndGlobalSection
	GlobalSection(SolutionProperties) = preSolution
		HideSolutionNode = FALSE
	EndGlobalSection
	GlobalSection(NestedProjects) = preSolution
		{1F6673FC-B3DE-4280-A307-856EFB2CBDAB} = {ADE7E898-1446-4BBE-A461-CD031F198709}
		{98213E15-8AAB-446C-A90D-5F040E0869AD} = {ADE7E898-1446-4BBE-A461-CD031F198709}
	EndGlobalSection
	GlobalSection(ExtensibilityGlobals) = postSolution
		SolutionGuid = {F1912B9E-9FD0-4848-93D1-72EEF56572C7}
	EndGlobalSection
EndGlobal
