Microsoft Visual Studio Solution File, Format Version 12.00
# Visual Studio 14
Project("{8BC9CEB8-8B4A-11D0-8D11-00A0C91BC942}") = "ALL_BUILD", "ALL_BUILD.vcxproj", "{47B592E7-786D-4DCA-9FA1-916F14FA701B}"
	ProjectSection(ProjectDependencies) = postProject
		{1D252C6A-2AB8-410B-BF59-2D8498BB10CF} = {1D252C6A-2AB8-410B-BF59-2D8498BB10CF}
	EndProjectSection
EndProject
Project("{8BC9CEB8-8B4A-11D0-8D11-00A0C91BC942}") = "ZERO_CHECK", "..\..\..\ZERO_CHECK.vcxproj", "{6DE5B8C2-7D33-4A36-932B-62E196611729}"
	ProjectSection(ProjectDependencies) = postProject
	EndProjectSection
EndProject
Project("{8BC9CEB8-8B4A-11D0-8D11-00A0C91BC942}") = "minizip", "minizip.vcxproj", "{1D252C6A-2AB8-410B-BF59-2D8498BB10CF}"
	ProjectSection(ProjectDependencies) = postProject
		{6DE5B8C2-7D33-4A36-932B-62E196611729} = {6DE5B8C2-7D33-4A36-932B-62E196611729}
		{3CAB54D7-9502-49D2-94C0-E3D26A8994E1} = {3CAB54D7-9502-49D2-94C0-E3D26A8994E1}
	EndProjectSection
EndProject
Project("{8BC9CEB8-8B4A-11D0-8D11-00A0C91BC942}") = "zlib", "..\zlib\zlib.vcxproj", "{3CAB54D7-9502-49D2-94C0-E3D26A8994E1}"
	ProjectSection(ProjectDependencies) = postProject
		{6DE5B8C2-7D33-4A36-932B-62E196611729} = {6DE5B8C2-7D33-4A36-932B-62E196611729}
	EndProjectSection
EndProject
Project("{2150E333-8FDC-42A3-9474-1A3956D46DE8}") = "CMakePredefinedTargets", "CMakePredefinedTargets", "{D1C71303-F698-48C7-92B4-BE098DD905ED}"
EndProject
Project("{2150E333-8FDC-42A3-9474-1A3956D46DE8}") = "Dependencies", "Dependencies", "{C4FEF006-68FF-406A-A548-5E1A0DA3E215}"
EndProject
Global
	GlobalSection(SolutionConfigurationPlatforms) = preSolution
		Debug|Win32 = Debug|Win32
		Release|Win32 = Release|Win32
		MinSizeRel|Win32 = MinSizeRel|Win32
		RelWithDebInfo|Win32 = RelWithDebInfo|Win32
	EndGlobalSection
	GlobalSection(ProjectConfigurationPlatforms) = postSolution
		{47B592E7-786D-4DCA-9FA1-916F14FA701B}.Debug|Win32.ActiveCfg = Debug|Win32
		{47B592E7-786D-4DCA-9FA1-916F14FA701B}.Release|Win32.ActiveCfg = Release|Win32
		{47B592E7-786D-4DCA-9FA1-916F14FA701B}.MinSizeRel|Win32.ActiveCfg = MinSizeRel|Win32
		{47B592E7-786D-4DCA-9FA1-916F14FA701B}.RelWithDebInfo|Win32.ActiveCfg = RelWithDebInfo|Win32
		{6DE5B8C2-7D33-4A36-932B-62E196611729}.Debug|Win32.ActiveCfg = Debug|Win32
		{6DE5B8C2-7D33-4A36-932B-62E196611729}.Debug|Win32.Build.0 = Debug|Win32
		{6DE5B8C2-7D33-4A36-932B-62E196611729}.Release|Win32.ActiveCfg = Release|Win32
		{6DE5B8C2-7D33-4A36-932B-62E196611729}.Release|Win32.Build.0 = Release|Win32
		{6DE5B8C2-7D33-4A36-932B-62E196611729}.MinSizeRel|Win32.ActiveCfg = MinSizeRel|Win32
		{6DE5B8C2-7D33-4A36-932B-62E196611729}.MinSizeRel|Win32.Build.0 = MinSizeRel|Win32
		{6DE5B8C2-7D33-4A36-932B-62E196611729}.RelWithDebInfo|Win32.ActiveCfg = RelWithDebInfo|Win32
		{6DE5B8C2-7D33-4A36-932B-62E196611729}.RelWithDebInfo|Win32.Build.0 = RelWithDebInfo|Win32
		{1D252C6A-2AB8-410B-BF59-2D8498BB10CF}.Debug|Win32.ActiveCfg = Debug|Win32
		{1D252C6A-2AB8-410B-BF59-2D8498BB10CF}.Debug|Win32.Build.0 = Debug|Win32
		{1D252C6A-2AB8-410B-BF59-2D8498BB10CF}.Release|Win32.ActiveCfg = Release|Win32
		{1D252C6A-2AB8-410B-BF59-2D8498BB10CF}.Release|Win32.Build.0 = Release|Win32
		{1D252C6A-2AB8-410B-BF59-2D8498BB10CF}.MinSizeRel|Win32.ActiveCfg = MinSizeRel|Win32
		{1D252C6A-2AB8-410B-BF59-2D8498BB10CF}.MinSizeRel|Win32.Build.0 = MinSizeRel|Win32
		{1D252C6A-2AB8-410B-BF59-2D8498BB10CF}.RelWithDebInfo|Win32.ActiveCfg = RelWithDebInfo|Win32
		{1D252C6A-2AB8-410B-BF59-2D8498BB10CF}.RelWithDebInfo|Win32.Build.0 = RelWithDebInfo|Win32
		{3CAB54D7-9502-49D2-94C0-E3D26A8994E1}.Debug|Win32.ActiveCfg = Debug|Win32
		{3CAB54D7-9502-49D2-94C0-E3D26A8994E1}.Debug|Win32.Build.0 = Debug|Win32
		{3CAB54D7-9502-49D2-94C0-E3D26A8994E1}.Release|Win32.ActiveCfg = Release|Win32
		{3CAB54D7-9502-49D2-94C0-E3D26A8994E1}.Release|Win32.Build.0 = Release|Win32
		{3CAB54D7-9502-49D2-94C0-E3D26A8994E1}.MinSizeRel|Win32.ActiveCfg = MinSizeRel|Win32
		{3CAB54D7-9502-49D2-94C0-E3D26A8994E1}.MinSizeRel|Win32.Build.0 = MinSizeRel|Win32
		{3CAB54D7-9502-49D2-94C0-E3D26A8994E1}.RelWithDebInfo|Win32.ActiveCfg = RelWithDebInfo|Win32
		{3CAB54D7-9502-49D2-94C0-E3D26A8994E1}.RelWithDebInfo|Win32.Build.0 = RelWithDebInfo|Win32
	EndGlobalSection
	GlobalSection(NestedProjects) = preSolution
		{6DE5B8C2-7D33-4A36-932B-62E196611729} = {D1C71303-F698-48C7-92B4-BE098DD905ED}
		{1D252C6A-2AB8-410B-BF59-2D8498BB10CF} = {C4FEF006-68FF-406A-A548-5E1A0DA3E215}
		{3CAB54D7-9502-49D2-94C0-E3D26A8994E1} = {C4FEF006-68FF-406A-A548-5E1A0DA3E215}
	EndGlobalSection
	GlobalSection(ExtensibilityGlobals) = postSolution
	EndGlobalSection
	GlobalSection(ExtensibilityAddIns) = postSolution
	EndGlobalSection
EndGlobal
