
Microsoft Visual Studio Solution File, Format Version 12.00
# Visual Studio 14
VisualStudioVersion = 14.0.25420.1
MinimumVisualStudioVersion = 10.0.40219.1
Project("{8BC9CEB8-8B4A-11D0-8D11-00A0C91BC942}") = "AndroidPlayer", "AndroidPlayer\AndroidPlayer.vcxproj", "{593996DF-6386-46C1-BC24-DD089C8796F5}"
	ProjectSection(ProjectDependencies) = postProject
		{48384108-3B89-4CB3-A6AB-1410F9C4F461} = {48384108-3B89-4CB3-A6AB-1410F9C4F461}
		{2944ED19-B4D8-4D20-B8CC-4C826F4953EE} = {2944ED19-B4D8-4D20-B8CC-4C826F4953EE}
		{C2271023-CF1B-42BD-8823-99603F2A34DB} = {C2271023-CF1B-42BD-8823-99603F2A34DB}
		{C69E3335-CDB8-4654-96AF-33E51FE1D63A} = {C69E3335-CDB8-4654-96AF-33E51FE1D63A}
		{5B3D054E-BE57-439E-8C5F-A8129D344AD2} = {5B3D054E-BE57-439E-8C5F-A8129D344AD2}
		{F576B150-AD8C-4CF3-B3F5-01370D146F3E} = {F576B150-AD8C-4CF3-B3F5-01370D146F3E}
		{6B829C6D-3F62-4B1F-8AEB-C0475089D7F6} = {6B829C6D-3F62-4B1F-8AEB-C0475089D7F6}
		{B594BD72-EF0B-4525-91C7-D8A0BA2A2539} = {B594BD72-EF0B-4525-91C7-D8A0BA2A2539}
		{93A1B973-DEDD-4713-9975-33767CE87919} = {93A1B973-DEDD-4713-9975-33767CE87919}
		{EE72CD8A-9383-4CF0-AA4F-F04BB85F3289} = {EE72CD8A-9383-4CF0-AA4F-F04BB85F3289}
		{E681969C-DBEC-432D-A93F-F65B9648076E} = {E681969C-DBEC-432D-A93F-F65B9648076E}
		{B7C6F7A0-2A1B-4BEA-879A-5F35257FB1D7} = {B7C6F7A0-2A1B-4BEA-879A-5F35257FB1D7}
		{4E1CA2A5-7F68-4A47-A185-6BD8692DA90F} = {4E1CA2A5-7F68-4A47-A185-6BD8692DA90F}
		{BDFF21B4-A71B-46E9-B0E2-5F10B354D548} = {BDFF21B4-A71B-46E9-B0E2-5F10B354D548}
		{3A087CC0-B626-4D63-A82C-6663EA643998} = {3A087CC0-B626-4D63-A82C-6663EA643998}
		{3D1736CB-FBBA-4AAC-A23A-B233E8FAD4EA} = {3D1736CB-FBBA-4AAC-A23A-B233E8FAD4EA}
		{21055ACB-DBC4-48C9-BBD9-5659EA61722A} = {21055ACB-DBC4-48C9-BBD9-5659EA61722A}
		{2C5392D9-A19A-4251-9BF6-6B29CB7BC898} = {2C5392D9-A19A-4251-9BF6-6B29CB7BC898}
		{97E80FDB-1078-492A-AA94-638A863386D1} = {97E80FDB-1078-492A-AA94-638A863386D1}
	EndProjectSection
EndProject
Project("{8BC9CEB8-8B4A-11D0-8D11-00A0C91BC942}") = "minizip", "minizip\minizip.vcxproj", "{2C5392D9-A19A-4251-9BF6-6B29CB7BC898}"
EndProject
Project("{8BC9CEB8-8B4A-11D0-8D11-00A0C91BC942}") = "zlib", "zlib\zlib.vcxproj", "{C2271023-CF1B-42BD-8823-99603F2A34DB}"
EndProject
Project("{8BC9CEB8-8B4A-11D0-8D11-00A0C91BC942}") = "jsoncpp", "jsoncpp\jsoncpp.vcxproj", "{4E1CA2A5-7F68-4A47-A185-6BD8692DA90F}"
EndProject
Project("{8BC9CEB8-8B4A-11D0-8D11-00A0C91BC942}") = "Bullet", "Bullet\Bullet.vcxproj", "{6B829C6D-3F62-4B1F-8AEB-C0475089D7F6}"
EndProject
Project("{8BC9CEB8-8B4A-11D0-8D11-00A0C91BC942}") = "libjpeg", "libjpeg\libjpeg.vcxproj", "{EE72CD8A-9383-4CF0-AA4F-F04BB85F3289}"
EndProject
Project("{8BC9CEB8-8B4A-11D0-8D11-00A0C91BC942}") = "libpng", "libpng\libpng.vcxproj", "{E681969C-DBEC-432D-A93F-F65B9648076E}"
EndProject
Project("{8BC9CEB8-8B4A-11D0-8D11-00A0C91BC942}") = "libpvrt", "libpvrt\libpvrt.vcxproj", "{3A087CC0-B626-4D63-A82C-6663EA643998}"
EndProject
Project("{8BC9CEB8-8B4A-11D0-8D11-00A0C91BC942}") = "freetype", "freetype\freetype.vcxproj", "{3D1736CB-FBBA-4AAC-A23A-B233E8FAD4EA}"
EndProject
Project("{8BC9CEB8-8B4A-11D0-8D11-00A0C91BC942}") = "HACD", "HACD\HACD.vcxproj", "{B594BD72-EF0B-4525-91C7-D8A0BA2A2539}"
EndProject
Project("{8BC9CEB8-8B4A-11D0-8D11-00A0C91BC942}") = "BlueshiftEngine", "BlueshiftEngine\BlueshiftEngine.vcxproj", "{BDFF21B4-A71B-46E9-B0E2-5F10B354D548}"
EndProject
Project("{8BC9CEB8-8B4A-11D0-8D11-00A0C91BC942}") = "libogg", "libogg\libogg.vcxproj", "{2944ED19-B4D8-4D20-B8CC-4C826F4953EE}"
EndProject
Project("{8BC9CEB8-8B4A-11D0-8D11-00A0C91BC942}") = "libvorbis", "libvorbis\libvorbis.vcxproj", "{B7C6F7A0-2A1B-4BEA-879A-5F35257FB1D7}"
EndProject
Project("{8BC9CEB8-8B4A-11D0-8D11-00A0C91BC942}") = "LuaCpp", "LuaCpp\LuaCpp.vcxproj", "{5B3D054E-BE57-439E-8C5F-A8129D344AD2}"
EndProject
Project("{8BC9CEB8-8B4A-11D0-8D11-00A0C91BC942}") = "lua", "lua\lua.vcxproj", "{C69E3335-CDB8-4654-96AF-33E51FE1D63A}"
EndProject
Project("{8BC9CEB8-8B4A-11D0-8D11-00A0C91BC942}") = "NvTriStrip", "NvTriStrip\NvTriStrip.vcxproj", "{93A1B973-DEDD-4713-9975-33767CE87919}"
EndProject
Project("{8BC9CEB8-8B4A-11D0-8D11-00A0C91BC942}") = "nvidia", "nvidia\nvidia.vcxproj", "{21055ACB-DBC4-48C9-BBD9-5659EA61722A}"
EndProject
Project("{8BC9CEB8-8B4A-11D0-8D11-00A0C91BC942}") = "luasocket", "luasocket\luasocket.vcxproj", "{F576B150-AD8C-4CF3-B3F5-01370D146F3E}"
EndProject
Project("{8BC9CEB8-8B4A-11D0-8D11-00A0C91BC942}") = "Etc2CompLib", "Etc2CompLib\Etc2CompLib.vcxproj", "{48384108-3B89-4CB3-A6AB-1410F9C4F461}"
EndProject
Project("{8BC9CEB8-8B4A-11D0-8D11-00A0C91BC942}") = "etcpack_lib", "etcpack_lib\etcpack_lib.vcxproj", "{97E80FDB-1078-492A-AA94-638A863386D1}"
EndProject
Global
	GlobalSection(SolutionConfigurationPlatforms) = preSolution
		Debug|ARM = Debug|ARM
		Debug|ARM64 = Debug|ARM64
		Debug|Tegra-Android = Debug|Tegra-Android
		Debug|x64 = Debug|x64
		Debug|x86 = Debug|x86
		Profile|ARM = Profile|ARM
		Profile|ARM64 = Profile|ARM64
		Profile|Tegra-Android = Profile|Tegra-Android
		Profile|x64 = Profile|x64
		Profile|x86 = Profile|x86
		Release|ARM = Release|ARM
		Release|ARM64 = Release|ARM64
		Release|Tegra-Android = Release|Tegra-Android
		Release|x64 = Release|x64
		Release|x86 = Release|x86
		Shipping|ARM = Shipping|ARM
		Shipping|ARM64 = Shipping|ARM64
		Shipping|Tegra-Android = Shipping|Tegra-Android
		Shipping|x64 = Shipping|x64
		Shipping|x86 = Shipping|x86
	EndGlobalSection
	GlobalSection(ProjectConfigurationPlatforms) = postSolution
		{593996DF-6386-46C1-BC24-DD089C8796F5}.Debug|ARM.ActiveCfg = Debug|Tegra-Android
		{593996DF-6386-46C1-BC24-DD089C8796F5}.Debug|ARM64.ActiveCfg = Debug|Tegra-Android
		{593996DF-6386-46C1-BC24-DD089C8796F5}.Debug|Tegra-Android.ActiveCfg = Debug|Tegra-Android
		{593996DF-6386-46C1-BC24-DD089C8796F5}.Debug|Tegra-Android.Build.0 = Debug|Tegra-Android
		{593996DF-6386-46C1-BC24-DD089C8796F5}.Debug|x64.ActiveCfg = Debug|Tegra-Android
		{593996DF-6386-46C1-BC24-DD089C8796F5}.Debug|x86.ActiveCfg = Debug|Tegra-Android
		{593996DF-6386-46C1-BC24-DD089C8796F5}.Profile|ARM.ActiveCfg = Profile|Tegra-Android
		{593996DF-6386-46C1-BC24-DD089C8796F5}.Profile|ARM64.ActiveCfg = Profile|Tegra-Android
		{593996DF-6386-46C1-BC24-DD089C8796F5}.Profile|Tegra-Android.ActiveCfg = Profile|Tegra-Android
		{593996DF-6386-46C1-BC24-DD089C8796F5}.Profile|Tegra-Android.Build.0 = Profile|Tegra-Android
		{593996DF-6386-46C1-BC24-DD089C8796F5}.Profile|x64.ActiveCfg = Profile|Tegra-Android
		{593996DF-6386-46C1-BC24-DD089C8796F5}.Profile|x86.ActiveCfg = Profile|Tegra-Android
		{593996DF-6386-46C1-BC24-DD089C8796F5}.Release|ARM.ActiveCfg = Release|Tegra-Android
		{593996DF-6386-46C1-BC24-DD089C8796F5}.Release|ARM64.ActiveCfg = Release|Tegra-Android
		{593996DF-6386-46C1-BC24-DD089C8796F5}.Release|Tegra-Android.ActiveCfg = Release|Tegra-Android
		{593996DF-6386-46C1-BC24-DD089C8796F5}.Release|Tegra-Android.Build.0 = Release|Tegra-Android
		{593996DF-6386-46C1-BC24-DD089C8796F5}.Release|x64.ActiveCfg = Release|Tegra-Android
		{593996DF-6386-46C1-BC24-DD089C8796F5}.Release|x86.ActiveCfg = Release|Tegra-Android
		{593996DF-6386-46C1-BC24-DD089C8796F5}.Shipping|ARM.ActiveCfg = Release|Tegra-Android
		{593996DF-6386-46C1-BC24-DD089C8796F5}.Shipping|ARM.Build.0 = Release|Tegra-Android
		{593996DF-6386-46C1-BC24-DD089C8796F5}.Shipping|ARM64.ActiveCfg = Release|Tegra-Android
		{593996DF-6386-46C1-BC24-DD089C8796F5}.Shipping|ARM64.Build.0 = Release|Tegra-Android
		{593996DF-6386-46C1-BC24-DD089C8796F5}.Shipping|Tegra-Android.ActiveCfg = Release|Tegra-Android
		{593996DF-6386-46C1-BC24-DD089C8796F5}.Shipping|Tegra-Android.Build.0 = Release|Tegra-Android
		{593996DF-6386-46C1-BC24-DD089C8796F5}.Shipping|x64.ActiveCfg = Release|Tegra-Android
		{593996DF-6386-46C1-BC24-DD089C8796F5}.Shipping|x64.Build.0 = Release|Tegra-Android
		{593996DF-6386-46C1-BC24-DD089C8796F5}.Shipping|x86.ActiveCfg = Release|Tegra-Android
		{593996DF-6386-46C1-BC24-DD089C8796F5}.Shipping|x86.Build.0 = Release|Tegra-Android
		{2C5392D9-A19A-4251-9BF6-6B29CB7BC898}.Debug|ARM.ActiveCfg = Debug|Tegra-Android
		{2C5392D9-A19A-4251-9BF6-6B29CB7BC898}.Debug|ARM64.ActiveCfg = Debug|Tegra-Android
		{2C5392D9-A19A-4251-9BF6-6B29CB7BC898}.Debug|Tegra-Android.ActiveCfg = Debug|Tegra-Android
		{2C5392D9-A19A-4251-9BF6-6B29CB7BC898}.Debug|Tegra-Android.Build.0 = Debug|Tegra-Android
		{2C5392D9-A19A-4251-9BF6-6B29CB7BC898}.Debug|x64.ActiveCfg = Debug|Tegra-Android
		{2C5392D9-A19A-4251-9BF6-6B29CB7BC898}.Debug|x86.ActiveCfg = Debug|Tegra-Android
		{2C5392D9-A19A-4251-9BF6-6B29CB7BC898}.Profile|ARM.ActiveCfg = Release|Tegra-Android
		{2C5392D9-A19A-4251-9BF6-6B29CB7BC898}.Profile|ARM.Build.0 = Release|Tegra-Android
		{2C5392D9-A19A-4251-9BF6-6B29CB7BC898}.Profile|ARM64.ActiveCfg = Release|Tegra-Android
		{2C5392D9-A19A-4251-9BF6-6B29CB7BC898}.Profile|ARM64.Build.0 = Release|Tegra-Android
		{2C5392D9-A19A-4251-9BF6-6B29CB7BC898}.Profile|Tegra-Android.ActiveCfg = Debug|Tegra-Android
		{2C5392D9-A19A-4251-9BF6-6B29CB7BC898}.Profile|Tegra-Android.Build.0 = Debug|Tegra-Android
		{2C5392D9-A19A-4251-9BF6-6B29CB7BC898}.Profile|x64.ActiveCfg = Release|Tegra-Android
		{2C5392D9-A19A-4251-9BF6-6B29CB7BC898}.Profile|x64.Build.0 = Release|Tegra-Android
		{2C5392D9-A19A-4251-9BF6-6B29CB7BC898}.Profile|x86.ActiveCfg = Release|Tegra-Android
		{2C5392D9-A19A-4251-9BF6-6B29CB7BC898}.Profile|x86.Build.0 = Release|Tegra-Android
		{2C5392D9-A19A-4251-9BF6-6B29CB7BC898}.Release|ARM.ActiveCfg = Release|Tegra-Android
		{2C5392D9-A19A-4251-9BF6-6B29CB7BC898}.Release|ARM64.ActiveCfg = Release|Tegra-Android
		{2C5392D9-A19A-4251-9BF6-6B29CB7BC898}.Release|Tegra-Android.ActiveCfg = Release|Tegra-Android
		{2C5392D9-A19A-4251-9BF6-6B29CB7BC898}.Release|Tegra-Android.Build.0 = Release|Tegra-Android
		{2C5392D9-A19A-4251-9BF6-6B29CB7BC898}.Release|x64.ActiveCfg = Release|Tegra-Android
		{2C5392D9-A19A-4251-9BF6-6B29CB7BC898}.Release|x86.ActiveCfg = Release|Tegra-Android
		{2C5392D9-A19A-4251-9BF6-6B29CB7BC898}.Shipping|ARM.ActiveCfg = Release|Tegra-Android
		{2C5392D9-A19A-4251-9BF6-6B29CB7BC898}.Shipping|ARM.Build.0 = Release|Tegra-Android
		{2C5392D9-A19A-4251-9BF6-6B29CB7BC898}.Shipping|ARM64.ActiveCfg = Release|Tegra-Android
		{2C5392D9-A19A-4251-9BF6-6B29CB7BC898}.Shipping|ARM64.Build.0 = Release|Tegra-Android
		{2C5392D9-A19A-4251-9BF6-6B29CB7BC898}.Shipping|Tegra-Android.ActiveCfg = Release|Tegra-Android
		{2C5392D9-A19A-4251-9BF6-6B29CB7BC898}.Shipping|Tegra-Android.Build.0 = Release|Tegra-Android
		{2C5392D9-A19A-4251-9BF6-6B29CB7BC898}.Shipping|x64.ActiveCfg = Release|Tegra-Android
		{2C5392D9-A19A-4251-9BF6-6B29CB7BC898}.Shipping|x64.Build.0 = Release|Tegra-Android
		{2C5392D9-A19A-4251-9BF6-6B29CB7BC898}.Shipping|x86.ActiveCfg = Release|Tegra-Android
		{2C5392D9-A19A-4251-9BF6-6B29CB7BC898}.Shipping|x86.Build.0 = Release|Tegra-Android
		{C2271023-CF1B-42BD-8823-99603F2A34DB}.Debug|ARM.ActiveCfg = Debug|Tegra-Android
		{C2271023-CF1B-42BD-8823-99603F2A34DB}.Debug|ARM64.ActiveCfg = Debug|Tegra-Android
		{C2271023-CF1B-42BD-8823-99603F2A34DB}.Debug|Tegra-Android.ActiveCfg = Debug|Tegra-Android
		{C2271023-CF1B-42BD-8823-99603F2A34DB}.Debug|Tegra-Android.Build.0 = Debug|Tegra-Android
		{C2271023-CF1B-42BD-8823-99603F2A34DB}.Debug|x64.ActiveCfg = Debug|Tegra-Android
		{C2271023-CF1B-42BD-8823-99603F2A34DB}.Debug|x86.ActiveCfg = Debug|Tegra-Android
		{C2271023-CF1B-42BD-8823-99603F2A34DB}.Profile|ARM.ActiveCfg = Release|Tegra-Android
		{C2271023-CF1B-42BD-8823-99603F2A34DB}.Profile|ARM.Build.0 = Release|Tegra-Android
		{C2271023-CF1B-42BD-8823-99603F2A34DB}.Profile|ARM64.ActiveCfg = Release|Tegra-Android
		{C2271023-CF1B-42BD-8823-99603F2A34DB}.Profile|ARM64.Build.0 = Release|Tegra-Android
		{C2271023-CF1B-42BD-8823-99603F2A34DB}.Profile|Tegra-Android.ActiveCfg = Debug|Tegra-Android
		{C2271023-CF1B-42BD-8823-99603F2A34DB}.Profile|Tegra-Android.Build.0 = Debug|Tegra-Android
		{C2271023-CF1B-42BD-8823-99603F2A34DB}.Profile|x64.ActiveCfg = Release|Tegra-Android
		{C2271023-CF1B-42BD-8823-99603F2A34DB}.Profile|x64.Build.0 = Release|Tegra-Android
		{C2271023-CF1B-42BD-8823-99603F2A34DB}.Profile|x86.ActiveCfg = Release|Tegra-Android
		{C2271023-CF1B-42BD-8823-99603F2A34DB}.Profile|x86.Build.0 = Release|Tegra-Android
		{C2271023-CF1B-42BD-8823-99603F2A34DB}.Release|ARM.ActiveCfg = Release|Tegra-Android
		{C2271023-CF1B-42BD-8823-99603F2A34DB}.Release|ARM64.ActiveCfg = Release|Tegra-Android
		{C2271023-CF1B-42BD-8823-99603F2A34DB}.Release|Tegra-Android.ActiveCfg = Release|Tegra-Android
		{C2271023-CF1B-42BD-8823-99603F2A34DB}.Release|Tegra-Android.Build.0 = Release|Tegra-Android
		{C2271023-CF1B-42BD-8823-99603F2A34DB}.Release|x64.ActiveCfg = Release|Tegra-Android
		{C2271023-CF1B-42BD-8823-99603F2A34DB}.Release|x86.ActiveCfg = Release|Tegra-Android
		{C2271023-CF1B-42BD-8823-99603F2A34DB}.Shipping|ARM.ActiveCfg = Release|Tegra-Android
		{C2271023-CF1B-42BD-8823-99603F2A34DB}.Shipping|ARM.Build.0 = Release|Tegra-Android
		{C2271023-CF1B-42BD-8823-99603F2A34DB}.Shipping|ARM64.ActiveCfg = Release|Tegra-Android
		{C2271023-CF1B-42BD-8823-99603F2A34DB}.Shipping|ARM64.Build.0 = Release|Tegra-Android
		{C2271023-CF1B-42BD-8823-99603F2A34DB}.Shipping|Tegra-Android.ActiveCfg = Release|Tegra-Android
		{C2271023-CF1B-42BD-8823-99603F2A34DB}.Shipping|Tegra-Android.Build.0 = Release|Tegra-Android
		{C2271023-CF1B-42BD-8823-99603F2A34DB}.Shipping|x64.ActiveCfg = Release|Tegra-Android
		{C2271023-CF1B-42BD-8823-99603F2A34DB}.Shipping|x64.Build.0 = Release|Tegra-Android
		{C2271023-CF1B-42BD-8823-99603F2A34DB}.Shipping|x86.ActiveCfg = Release|Tegra-Android
		{C2271023-CF1B-42BD-8823-99603F2A34DB}.Shipping|x86.Build.0 = Release|Tegra-Android
		{4E1CA2A5-7F68-4A47-A185-6BD8692DA90F}.Debug|ARM.ActiveCfg = Debug|Tegra-Android
		{4E1CA2A5-7F68-4A47-A185-6BD8692DA90F}.Debug|ARM64.ActiveCfg = Debug|Tegra-Android
		{4E1CA2A5-7F68-4A47-A185-6BD8692DA90F}.Debug|Tegra-Android.ActiveCfg = Debug|Tegra-Android
		{4E1CA2A5-7F68-4A47-A185-6BD8692DA90F}.Debug|Tegra-Android.Build.0 = Debug|Tegra-Android
		{4E1CA2A5-7F68-4A47-A185-6BD8692DA90F}.Debug|x64.ActiveCfg = Debug|Tegra-Android
		{4E1CA2A5-7F68-4A47-A185-6BD8692DA90F}.Debug|x86.ActiveCfg = Debug|Tegra-Android
		{4E1CA2A5-7F68-4A47-A185-6BD8692DA90F}.Profile|ARM.ActiveCfg = Release|Tegra-Android
		{4E1CA2A5-7F68-4A47-A185-6BD8692DA90F}.Profile|ARM.Build.0 = Release|Tegra-Android
		{4E1CA2A5-7F68-4A47-A185-6BD8692DA90F}.Profile|ARM64.ActiveCfg = Release|Tegra-Android
		{4E1CA2A5-7F68-4A47-A185-6BD8692DA90F}.Profile|ARM64.Build.0 = Release|Tegra-Android
		{4E1CA2A5-7F68-4A47-A185-6BD8692DA90F}.Profile|Tegra-Android.ActiveCfg = Debug|Tegra-Android
		{4E1CA2A5-7F68-4A47-A185-6BD8692DA90F}.Profile|Tegra-Android.Build.0 = Debug|Tegra-Android
		{4E1CA2A5-7F68-4A47-A185-6BD8692DA90F}.Profile|x64.ActiveCfg = Release|Tegra-Android
		{4E1CA2A5-7F68-4A47-A185-6BD8692DA90F}.Profile|x64.Build.0 = Release|Tegra-Android
		{4E1CA2A5-7F68-4A47-A185-6BD8692DA90F}.Profile|x86.ActiveCfg = Release|Tegra-Android
		{4E1CA2A5-7F68-4A47-A185-6BD8692DA90F}.Profile|x86.Build.0 = Release|Tegra-Android
		{4E1CA2A5-7F68-4A47-A185-6BD8692DA90F}.Release|ARM.ActiveCfg = Release|Tegra-Android
		{4E1CA2A5-7F68-4A47-A185-6BD8692DA90F}.Release|ARM64.ActiveCfg = Release|Tegra-Android
		{4E1CA2A5-7F68-4A47-A185-6BD8692DA90F}.Release|Tegra-Android.ActiveCfg = Release|Tegra-Android
		{4E1CA2A5-7F68-4A47-A185-6BD8692DA90F}.Release|Tegra-Android.Build.0 = Release|Tegra-Android
		{4E1CA2A5-7F68-4A47-A185-6BD8692DA90F}.Release|x64.ActiveCfg = Release|Tegra-Android
		{4E1CA2A5-7F68-4A47-A185-6BD8692DA90F}.Release|x86.ActiveCfg = Release|Tegra-Android
		{4E1CA2A5-7F68-4A47-A185-6BD8692DA90F}.Shipping|ARM.ActiveCfg = Release|Tegra-Android
		{4E1CA2A5-7F68-4A47-A185-6BD8692DA90F}.Shipping|ARM.Build.0 = Release|Tegra-Android
		{4E1CA2A5-7F68-4A47-A185-6BD8692DA90F}.Shipping|ARM64.ActiveCfg = Release|Tegra-Android
		{4E1CA2A5-7F68-4A47-A185-6BD8692DA90F}.Shipping|ARM64.Build.0 = Release|Tegra-Android
		{4E1CA2A5-7F68-4A47-A185-6BD8692DA90F}.Shipping|Tegra-Android.ActiveCfg = Release|Tegra-Android
		{4E1CA2A5-7F68-4A47-A185-6BD8692DA90F}.Shipping|Tegra-Android.Build.0 = Release|Tegra-Android
		{4E1CA2A5-7F68-4A47-A185-6BD8692DA90F}.Shipping|x64.ActiveCfg = Release|Tegra-Android
		{4E1CA2A5-7F68-4A47-A185-6BD8692DA90F}.Shipping|x64.Build.0 = Release|Tegra-Android
		{4E1CA2A5-7F68-4A47-A185-6BD8692DA90F}.Shipping|x86.ActiveCfg = Release|Tegra-Android
		{4E1CA2A5-7F68-4A47-A185-6BD8692DA90F}.Shipping|x86.Build.0 = Release|Tegra-Android
		{6B829C6D-3F62-4B1F-8AEB-C0475089D7F6}.Debug|ARM.ActiveCfg = Debug|Tegra-Android
		{6B829C6D-3F62-4B1F-8AEB-C0475089D7F6}.Debug|ARM64.ActiveCfg = Debug|Tegra-Android
		{6B829C6D-3F62-4B1F-8AEB-C0475089D7F6}.Debug|Tegra-Android.ActiveCfg = Debug|Tegra-Android
		{6B829C6D-3F62-4B1F-8AEB-C0475089D7F6}.Debug|Tegra-Android.Build.0 = Debug|Tegra-Android
		{6B829C6D-3F62-4B1F-8AEB-C0475089D7F6}.Debug|x64.ActiveCfg = Debug|Tegra-Android
		{6B829C6D-3F62-4B1F-8AEB-C0475089D7F6}.Debug|x86.ActiveCfg = Debug|Tegra-Android
		{6B829C6D-3F62-4B1F-8AEB-C0475089D7F6}.Profile|ARM.ActiveCfg = Release|Tegra-Android
		{6B829C6D-3F62-4B1F-8AEB-C0475089D7F6}.Profile|ARM.Build.0 = Release|Tegra-Android
		{6B829C6D-3F62-4B1F-8AEB-C0475089D7F6}.Profile|ARM64.ActiveCfg = Release|Tegra-Android
		{6B829C6D-3F62-4B1F-8AEB-C0475089D7F6}.Profile|ARM64.Build.0 = Release|Tegra-Android
		{6B829C6D-3F62-4B1F-8AEB-C0475089D7F6}.Profile|Tegra-Android.ActiveCfg = Debug|Tegra-Android
		{6B829C6D-3F62-4B1F-8AEB-C0475089D7F6}.Profile|Tegra-Android.Build.0 = Debug|Tegra-Android
		{6B829C6D-3F62-4B1F-8AEB-C0475089D7F6}.Profile|x64.ActiveCfg = Release|Tegra-Android
		{6B829C6D-3F62-4B1F-8AEB-C0475089D7F6}.Profile|x64.Build.0 = Release|Tegra-Android
		{6B829C6D-3F62-4B1F-8AEB-C0475089D7F6}.Profile|x86.ActiveCfg = Release|Tegra-Android
		{6B829C6D-3F62-4B1F-8AEB-C0475089D7F6}.Profile|x86.Build.0 = Release|Tegra-Android
		{6B829C6D-3F62-4B1F-8AEB-C0475089D7F6}.Release|ARM.ActiveCfg = Release|Tegra-Android
		{6B829C6D-3F62-4B1F-8AEB-C0475089D7F6}.Release|ARM64.ActiveCfg = Release|Tegra-Android
		{6B829C6D-3F62-4B1F-8AEB-C0475089D7F6}.Release|Tegra-Android.ActiveCfg = Release|Tegra-Android
		{6B829C6D-3F62-4B1F-8AEB-C0475089D7F6}.Release|Tegra-Android.Build.0 = Release|Tegra-Android
		{6B829C6D-3F62-4B1F-8AEB-C0475089D7F6}.Release|x64.ActiveCfg = Release|Tegra-Android
		{6B829C6D-3F62-4B1F-8AEB-C0475089D7F6}.Release|x86.ActiveCfg = Release|Tegra-Android
		{6B829C6D-3F62-4B1F-8AEB-C0475089D7F6}.Shipping|ARM.ActiveCfg = Release|Tegra-Android
		{6B829C6D-3F62-4B1F-8AEB-C0475089D7F6}.Shipping|ARM.Build.0 = Release|Tegra-Android
		{6B829C6D-3F62-4B1F-8AEB-C0475089D7F6}.Shipping|ARM64.ActiveCfg = Release|Tegra-Android
		{6B829C6D-3F62-4B1F-8AEB-C0475089D7F6}.Shipping|ARM64.Build.0 = Release|Tegra-Android
		{6B829C6D-3F62-4B1F-8AEB-C0475089D7F6}.Shipping|Tegra-Android.ActiveCfg = Release|Tegra-Android
		{6B829C6D-3F62-4B1F-8AEB-C0475089D7F6}.Shipping|Tegra-Android.Build.0 = Release|Tegra-Android
		{6B829C6D-3F62-4B1F-8AEB-C0475089D7F6}.Shipping|x64.ActiveCfg = Release|Tegra-Android
		{6B829C6D-3F62-4B1F-8AEB-C0475089D7F6}.Shipping|x64.Build.0 = Release|Tegra-Android
		{6B829C6D-3F62-4B1F-8AEB-C0475089D7F6}.Shipping|x86.ActiveCfg = Release|Tegra-Android
		{6B829C6D-3F62-4B1F-8AEB-C0475089D7F6}.Shipping|x86.Build.0 = Release|Tegra-Android
		{EE72CD8A-9383-4CF0-AA4F-F04BB85F3289}.Debug|ARM.ActiveCfg = Debug|Tegra-Android
		{EE72CD8A-9383-4CF0-AA4F-F04BB85F3289}.Debug|ARM64.ActiveCfg = Debug|Tegra-Android
		{EE72CD8A-9383-4CF0-AA4F-F04BB85F3289}.Debug|Tegra-Android.ActiveCfg = Debug|Tegra-Android
		{EE72CD8A-9383-4CF0-AA4F-F04BB85F3289}.Debug|Tegra-Android.Build.0 = Debug|Tegra-Android
		{EE72CD8A-9383-4CF0-AA4F-F04BB85F3289}.Debug|x64.ActiveCfg = Debug|Tegra-Android
		{EE72CD8A-9383-4CF0-AA4F-F04BB85F3289}.Debug|x86.ActiveCfg = Debug|Tegra-Android
		{EE72CD8A-9383-4CF0-AA4F-F04BB85F3289}.Profile|ARM.ActiveCfg = Release|Tegra-Android
		{EE72CD8A-9383-4CF0-AA4F-F04BB85F3289}.Profile|ARM.Build.0 = Release|Tegra-Android
		{EE72CD8A-9383-4CF0-AA4F-F04BB85F3289}.Profile|ARM64.ActiveCfg = Release|Tegra-Android
		{EE72CD8A-9383-4CF0-AA4F-F04BB85F3289}.Profile|ARM64.Build.0 = Release|Tegra-Android
		{EE72CD8A-9383-4CF0-AA4F-F04BB85F3289}.Profile|Tegra-Android.ActiveCfg = Debug|Tegra-Android
		{EE72CD8A-9383-4CF0-AA4F-F04BB85F3289}.Profile|Tegra-Android.Build.0 = Debug|Tegra-Android
		{EE72CD8A-9383-4CF0-AA4F-F04BB85F3289}.Profile|x64.ActiveCfg = Release|Tegra-Android
		{EE72CD8A-9383-4CF0-AA4F-F04BB85F3289}.Profile|x64.Build.0 = Release|Tegra-Android
		{EE72CD8A-9383-4CF0-AA4F-F04BB85F3289}.Profile|x86.ActiveCfg = Release|Tegra-Android
		{EE72CD8A-9383-4CF0-AA4F-F04BB85F3289}.Profile|x86.Build.0 = Release|Tegra-Android
		{EE72CD8A-9383-4CF0-AA4F-F04BB85F3289}.Release|ARM.ActiveCfg = Release|Tegra-Android
		{EE72CD8A-9383-4CF0-AA4F-F04BB85F3289}.Release|ARM64.ActiveCfg = Release|Tegra-Android
		{EE72CD8A-9383-4CF0-AA4F-F04BB85F3289}.Release|Tegra-Android.ActiveCfg = Release|Tegra-Android
		{EE72CD8A-9383-4CF0-AA4F-F04BB85F3289}.Release|Tegra-Android.Build.0 = Release|Tegra-Android
		{EE72CD8A-9383-4CF0-AA4F-F04BB85F3289}.Release|x64.ActiveCfg = Release|Tegra-Android
		{EE72CD8A-9383-4CF0-AA4F-F04BB85F3289}.Release|x86.ActiveCfg = Release|Tegra-Android
		{EE72CD8A-9383-4CF0-AA4F-F04BB85F3289}.Shipping|ARM.ActiveCfg = Release|Tegra-Android
		{EE72CD8A-9383-4CF0-AA4F-F04BB85F3289}.Shipping|ARM.Build.0 = Release|Tegra-Android
		{EE72CD8A-9383-4CF0-AA4F-F04BB85F3289}.Shipping|ARM64.ActiveCfg = Release|Tegra-Android
		{EE72CD8A-9383-4CF0-AA4F-F04BB85F3289}.Shipping|ARM64.Build.0 = Release|Tegra-Android
		{EE72CD8A-9383-4CF0-AA4F-F04BB85F3289}.Shipping|Tegra-Android.ActiveCfg = Release|Tegra-Android
		{EE72CD8A-9383-4CF0-AA4F-F04BB85F3289}.Shipping|Tegra-Android.Build.0 = Release|Tegra-Android
		{EE72CD8A-9383-4CF0-AA4F-F04BB85F3289}.Shipping|x64.ActiveCfg = Release|Tegra-Android
		{EE72CD8A-9383-4CF0-AA4F-F04BB85F3289}.Shipping|x64.Build.0 = Release|Tegra-Android
		{EE72CD8A-9383-4CF0-AA4F-F04BB85F3289}.Shipping|x86.ActiveCfg = Release|Tegra-Android
		{EE72CD8A-9383-4CF0-AA4F-F04BB85F3289}.Shipping|x86.Build.0 = Release|Tegra-Android
		{E681969C-DBEC-432D-A93F-F65B9648076E}.Debug|ARM.ActiveCfg = Debug|Tegra-Android
		{E681969C-DBEC-432D-A93F-F65B9648076E}.Debug|ARM64.ActiveCfg = Debug|Tegra-Android
		{E681969C-DBEC-432D-A93F-F65B9648076E}.Debug|Tegra-Android.ActiveCfg = Debug|Tegra-Android
		{E681969C-DBEC-432D-A93F-F65B9648076E}.Debug|Tegra-Android.Build.0 = Debug|Tegra-Android
		{E681969C-DBEC-432D-A93F-F65B9648076E}.Debug|x64.ActiveCfg = Debug|Tegra-Android
		{E681969C-DBEC-432D-A93F-F65B9648076E}.Debug|x86.ActiveCfg = Debug|Tegra-Android
		{E681969C-DBEC-432D-A93F-F65B9648076E}.Profile|ARM.ActiveCfg = Release|Tegra-Android
		{E681969C-DBEC-432D-A93F-F65B9648076E}.Profile|ARM.Build.0 = Release|Tegra-Android
		{E681969C-DBEC-432D-A93F-F65B9648076E}.Profile|ARM64.ActiveCfg = Release|Tegra-Android
		{E681969C-DBEC-432D-A93F-F65B9648076E}.Profile|ARM64.Build.0 = Release|Tegra-Android
		{E681969C-DBEC-432D-A93F-F65B9648076E}.Profile|Tegra-Android.ActiveCfg = Debug|Tegra-Android
		{E681969C-DBEC-432D-A93F-F65B9648076E}.Profile|Tegra-Android.Build.0 = Debug|Tegra-Android
		{E681969C-DBEC-432D-A93F-F65B9648076E}.Profile|x64.ActiveCfg = Release|Tegra-Android
		{E681969C-DBEC-432D-A93F-F65B9648076E}.Profile|x64.Build.0 = Release|Tegra-Android
		{E681969C-DBEC-432D-A93F-F65B9648076E}.Profile|x86.ActiveCfg = Release|Tegra-Android
		{E681969C-DBEC-432D-A93F-F65B9648076E}.Profile|x86.Build.0 = Release|Tegra-Android
		{E681969C-DBEC-432D-A93F-F65B9648076E}.Release|ARM.ActiveCfg = Release|Tegra-Android
		{E681969C-DBEC-432D-A93F-F65B9648076E}.Release|ARM64.ActiveCfg = Release|Tegra-Android
		{E681969C-DBEC-432D-A93F-F65B9648076E}.Release|Tegra-Android.ActiveCfg = Release|Tegra-Android
		{E681969C-DBEC-432D-A93F-F65B9648076E}.Release|Tegra-Android.Build.0 = Release|Tegra-Android
		{E681969C-DBEC-432D-A93F-F65B9648076E}.Release|x64.ActiveCfg = Release|Tegra-Android
		{E681969C-DBEC-432D-A93F-F65B9648076E}.Release|x86.ActiveCfg = Release|Tegra-Android
		{E681969C-DBEC-432D-A93F-F65B9648076E}.Shipping|ARM.ActiveCfg = Release|Tegra-Android
		{E681969C-DBEC-432D-A93F-F65B9648076E}.Shipping|ARM.Build.0 = Release|Tegra-Android
		{E681969C-DBEC-432D-A93F-F65B9648076E}.Shipping|ARM64.ActiveCfg = Release|Tegra-Android
		{E681969C-DBEC-432D-A93F-F65B9648076E}.Shipping|ARM64.Build.0 = Release|Tegra-Android
		{E681969C-DBEC-432D-A93F-F65B9648076E}.Shipping|Tegra-Android.ActiveCfg = Release|Tegra-Android
		{E681969C-DBEC-432D-A93F-F65B9648076E}.Shipping|Tegra-Android.Build.0 = Release|Tegra-Android
		{E681969C-DBEC-432D-A93F-F65B9648076E}.Shipping|x64.ActiveCfg = Release|Tegra-Android
		{E681969C-DBEC-432D-A93F-F65B9648076E}.Shipping|x64.Build.0 = Release|Tegra-Android
		{E681969C-DBEC-432D-A93F-F65B9648076E}.Shipping|x86.ActiveCfg = Release|Tegra-Android
		{E681969C-DBEC-432D-A93F-F65B9648076E}.Shipping|x86.Build.0 = Release|Tegra-Android
		{3A087CC0-B626-4D63-A82C-6663EA643998}.Debug|ARM.ActiveCfg = Debug|Tegra-Android
		{3A087CC0-B626-4D63-A82C-6663EA643998}.Debug|ARM64.ActiveCfg = Debug|Tegra-Android
		{3A087CC0-B626-4D63-A82C-6663EA643998}.Debug|Tegra-Android.ActiveCfg = Debug|Tegra-Android
		{3A087CC0-B626-4D63-A82C-6663EA643998}.Debug|Tegra-Android.Build.0 = Debug|Tegra-Android
		{3A087CC0-B626-4D63-A82C-6663EA643998}.Debug|x64.ActiveCfg = Debug|Tegra-Android
		{3A087CC0-B626-4D63-A82C-6663EA643998}.Debug|x86.ActiveCfg = Debug|Tegra-Android
		{3A087CC0-B626-4D63-A82C-6663EA643998}.Profile|ARM.ActiveCfg = Release|Tegra-Android
		{3A087CC0-B626-4D63-A82C-6663EA643998}.Profile|ARM.Build.0 = Release|Tegra-Android
		{3A087CC0-B626-4D63-A82C-6663EA643998}.Profile|ARM64.ActiveCfg = Release|Tegra-Android
		{3A087CC0-B626-4D63-A82C-6663EA643998}.Profile|ARM64.Build.0 = Release|Tegra-Android
		{3A087CC0-B626-4D63-A82C-6663EA643998}.Profile|Tegra-Android.ActiveCfg = Debug|Tegra-Android
		{3A087CC0-B626-4D63-A82C-6663EA643998}.Profile|Tegra-Android.Build.0 = Debug|Tegra-Android
		{3A087CC0-B626-4D63-A82C-6663EA643998}.Profile|x64.ActiveCfg = Release|Tegra-Android
		{3A087CC0-B626-4D63-A82C-6663EA643998}.Profile|x64.Build.0 = Release|Tegra-Android
		{3A087CC0-B626-4D63-A82C-6663EA643998}.Profile|x86.ActiveCfg = Release|Tegra-Android
		{3A087CC0-B626-4D63-A82C-6663EA643998}.Profile|x86.Build.0 = Release|Tegra-Android
		{3A087CC0-B626-4D63-A82C-6663EA643998}.Release|ARM.ActiveCfg = Release|Tegra-Android
		{3A087CC0-B626-4D63-A82C-6663EA643998}.Release|ARM64.ActiveCfg = Release|Tegra-Android
		{3A087CC0-B626-4D63-A82C-6663EA643998}.Release|Tegra-Android.ActiveCfg = Release|Tegra-Android
		{3A087CC0-B626-4D63-A82C-6663EA643998}.Release|Tegra-Android.Build.0 = Release|Tegra-Android
		{3A087CC0-B626-4D63-A82C-6663EA643998}.Release|x64.ActiveCfg = Release|Tegra-Android
		{3A087CC0-B626-4D63-A82C-6663EA643998}.Release|x86.ActiveCfg = Release|Tegra-Android
		{3A087CC0-B626-4D63-A82C-6663EA643998}.Shipping|ARM.ActiveCfg = Release|Tegra-Android
		{3A087CC0-B626-4D63-A82C-6663EA643998}.Shipping|ARM.Build.0 = Release|Tegra-Android
		{3A087CC0-B626-4D63-A82C-6663EA643998}.Shipping|ARM64.ActiveCfg = Release|Tegra-Android
		{3A087CC0-B626-4D63-A82C-6663EA643998}.Shipping|ARM64.Build.0 = Release|Tegra-Android
		{3A087CC0-B626-4D63-A82C-6663EA643998}.Shipping|Tegra-Android.ActiveCfg = Release|Tegra-Android
		{3A087CC0-B626-4D63-A82C-6663EA643998}.Shipping|Tegra-Android.Build.0 = Release|Tegra-Android
		{3A087CC0-B626-4D63-A82C-6663EA643998}.Shipping|x64.ActiveCfg = Release|Tegra-Android
		{3A087CC0-B626-4D63-A82C-6663EA643998}.Shipping|x64.Build.0 = Release|Tegra-Android
		{3A087CC0-B626-4D63-A82C-6663EA643998}.Shipping|x86.ActiveCfg = Release|Tegra-Android
		{3A087CC0-B626-4D63-A82C-6663EA643998}.Shipping|x86.Build.0 = Release|Tegra-Android
		{3D1736CB-FBBA-4AAC-A23A-B233E8FAD4EA}.Debug|ARM.ActiveCfg = Debug|Tegra-Android
		{3D1736CB-FBBA-4AAC-A23A-B233E8FAD4EA}.Debug|ARM64.ActiveCfg = Debug|Tegra-Android
		{3D1736CB-FBBA-4AAC-A23A-B233E8FAD4EA}.Debug|Tegra-Android.ActiveCfg = Debug|Tegra-Android
		{3D1736CB-FBBA-4AAC-A23A-B233E8FAD4EA}.Debug|Tegra-Android.Build.0 = Debug|Tegra-Android
		{3D1736CB-FBBA-4AAC-A23A-B233E8FAD4EA}.Debug|x64.ActiveCfg = Debug|Tegra-Android
		{3D1736CB-FBBA-4AAC-A23A-B233E8FAD4EA}.Debug|x86.ActiveCfg = Debug|Tegra-Android
		{3D1736CB-FBBA-4AAC-A23A-B233E8FAD4EA}.Profile|ARM.ActiveCfg = Release|Tegra-Android
		{3D1736CB-FBBA-4AAC-A23A-B233E8FAD4EA}.Profile|ARM.Build.0 = Release|Tegra-Android
		{3D1736CB-FBBA-4AAC-A23A-B233E8FAD4EA}.Profile|ARM64.ActiveCfg = Release|Tegra-Android
		{3D1736CB-FBBA-4AAC-A23A-B233E8FAD4EA}.Profile|ARM64.Build.0 = Release|Tegra-Android
		{3D1736CB-FBBA-4AAC-A23A-B233E8FAD4EA}.Profile|Tegra-Android.ActiveCfg = Debug|Tegra-Android
		{3D1736CB-FBBA-4AAC-A23A-B233E8FAD4EA}.Profile|Tegra-Android.Build.0 = Debug|Tegra-Android
		{3D1736CB-FBBA-4AAC-A23A-B233E8FAD4EA}.Profile|x64.ActiveCfg = Release|Tegra-Android
		{3D1736CB-FBBA-4AAC-A23A-B233E8FAD4EA}.Profile|x64.Build.0 = Release|Tegra-Android
		{3D1736CB-FBBA-4AAC-A23A-B233E8FAD4EA}.Profile|x86.ActiveCfg = Release|Tegra-Android
		{3D1736CB-FBBA-4AAC-A23A-B233E8FAD4EA}.Profile|x86.Build.0 = Release|Tegra-Android
		{3D1736CB-FBBA-4AAC-A23A-B233E8FAD4EA}.Release|ARM.ActiveCfg = Release|Tegra-Android
		{3D1736CB-FBBA-4AAC-A23A-B233E8FAD4EA}.Release|ARM64.ActiveCfg = Release|Tegra-Android
		{3D1736CB-FBBA-4AAC-A23A-B233E8FAD4EA}.Release|Tegra-Android.ActiveCfg = Release|Tegra-Android
		{3D1736CB-FBBA-4AAC-A23A-B233E8FAD4EA}.Release|Tegra-Android.Build.0 = Release|Tegra-Android
		{3D1736CB-FBBA-4AAC-A23A-B233E8FAD4EA}.Release|x64.ActiveCfg = Release|Tegra-Android
		{3D1736CB-FBBA-4AAC-A23A-B233E8FAD4EA}.Release|x86.ActiveCfg = Release|Tegra-Android
		{3D1736CB-FBBA-4AAC-A23A-B233E8FAD4EA}.Shipping|ARM.ActiveCfg = Release|Tegra-Android
		{3D1736CB-FBBA-4AAC-A23A-B233E8FAD4EA}.Shipping|ARM.Build.0 = Release|Tegra-Android
		{3D1736CB-FBBA-4AAC-A23A-B233E8FAD4EA}.Shipping|ARM64.ActiveCfg = Release|Tegra-Android
		{3D1736CB-FBBA-4AAC-A23A-B233E8FAD4EA}.Shipping|ARM64.Build.0 = Release|Tegra-Android
		{3D1736CB-FBBA-4AAC-A23A-B233E8FAD4EA}.Shipping|Tegra-Android.ActiveCfg = Release|Tegra-Android
		{3D1736CB-FBBA-4AAC-A23A-B233E8FAD4EA}.Shipping|Tegra-Android.Build.0 = Release|Tegra-Android
		{3D1736CB-FBBA-4AAC-A23A-B233E8FAD4EA}.Shipping|x64.ActiveCfg = Release|Tegra-Android
		{3D1736CB-FBBA-4AAC-A23A-B233E8FAD4EA}.Shipping|x64.Build.0 = Release|Tegra-Android
		{3D1736CB-FBBA-4AAC-A23A-B233E8FAD4EA}.Shipping|x86.ActiveCfg = Release|Tegra-Android
		{3D1736CB-FBBA-4AAC-A23A-B233E8FAD4EA}.Shipping|x86.Build.0 = Release|Tegra-Android
		{B594BD72-EF0B-4525-91C7-D8A0BA2A2539}.Debug|ARM.ActiveCfg = Debug|Tegra-Android
		{B594BD72-EF0B-4525-91C7-D8A0BA2A2539}.Debug|ARM64.ActiveCfg = Debug|Tegra-Android
		{B594BD72-EF0B-4525-91C7-D8A0BA2A2539}.Debug|Tegra-Android.ActiveCfg = Debug|Tegra-Android
		{B594BD72-EF0B-4525-91C7-D8A0BA2A2539}.Debug|Tegra-Android.Build.0 = Debug|Tegra-Android
		{B594BD72-EF0B-4525-91C7-D8A0BA2A2539}.Debug|x64.ActiveCfg = Debug|Tegra-Android
		{B594BD72-EF0B-4525-91C7-D8A0BA2A2539}.Debug|x86.ActiveCfg = Debug|Tegra-Android
		{B594BD72-EF0B-4525-91C7-D8A0BA2A2539}.Profile|ARM.ActiveCfg = Release|Tegra-Android
		{B594BD72-EF0B-4525-91C7-D8A0BA2A2539}.Profile|ARM.Build.0 = Release|Tegra-Android
		{B594BD72-EF0B-4525-91C7-D8A0BA2A2539}.Profile|ARM64.ActiveCfg = Release|Tegra-Android
		{B594BD72-EF0B-4525-91C7-D8A0BA2A2539}.Profile|ARM64.Build.0 = Release|Tegra-Android
		{B594BD72-EF0B-4525-91C7-D8A0BA2A2539}.Profile|Tegra-Android.ActiveCfg = Debug|Tegra-Android
		{B594BD72-EF0B-4525-91C7-D8A0BA2A2539}.Profile|Tegra-Android.Build.0 = Debug|Tegra-Android
		{B594BD72-EF0B-4525-91C7-D8A0BA2A2539}.Profile|x64.ActiveCfg = Release|Tegra-Android
		{B594BD72-EF0B-4525-91C7-D8A0BA2A2539}.Profile|x64.Build.0 = Release|Tegra-Android
		{B594BD72-EF0B-4525-91C7-D8A0BA2A2539}.Profile|x86.ActiveCfg = Release|Tegra-Android
		{B594BD72-EF0B-4525-91C7-D8A0BA2A2539}.Profile|x86.Build.0 = Release|Tegra-Android
		{B594BD72-EF0B-4525-91C7-D8A0BA2A2539}.Release|ARM.ActiveCfg = Release|Tegra-Android
		{B594BD72-EF0B-4525-91C7-D8A0BA2A2539}.Release|ARM64.ActiveCfg = Release|Tegra-Android
		{B594BD72-EF0B-4525-91C7-D8A0BA2A2539}.Release|Tegra-Android.ActiveCfg = Release|Tegra-Android
		{B594BD72-EF0B-4525-91C7-D8A0BA2A2539}.Release|Tegra-Android.Build.0 = Release|Tegra-Android
		{B594BD72-EF0B-4525-91C7-D8A0BA2A2539}.Release|x64.ActiveCfg = Release|Tegra-Android
		{B594BD72-EF0B-4525-91C7-D8A0BA2A2539}.Release|x86.ActiveCfg = Release|Tegra-Android
		{B594BD72-EF0B-4525-91C7-D8A0BA2A2539}.Shipping|ARM.ActiveCfg = Release|Tegra-Android
		{B594BD72-EF0B-4525-91C7-D8A0BA2A2539}.Shipping|ARM.Build.0 = Release|Tegra-Android
		{B594BD72-EF0B-4525-91C7-D8A0BA2A2539}.Shipping|ARM64.ActiveCfg = Release|Tegra-Android
		{B594BD72-EF0B-4525-91C7-D8A0BA2A2539}.Shipping|ARM64.Build.0 = Release|Tegra-Android
		{B594BD72-EF0B-4525-91C7-D8A0BA2A2539}.Shipping|Tegra-Android.ActiveCfg = Release|Tegra-Android
		{B594BD72-EF0B-4525-91C7-D8A0BA2A2539}.Shipping|Tegra-Android.Build.0 = Release|Tegra-Android
		{B594BD72-EF0B-4525-91C7-D8A0BA2A2539}.Shipping|x64.ActiveCfg = Release|Tegra-Android
		{B594BD72-EF0B-4525-91C7-D8A0BA2A2539}.Shipping|x64.Build.0 = Release|Tegra-Android
		{B594BD72-EF0B-4525-91C7-D8A0BA2A2539}.Shipping|x86.ActiveCfg = Release|Tegra-Android
		{B594BD72-EF0B-4525-91C7-D8A0BA2A2539}.Shipping|x86.Build.0 = Release|Tegra-Android
		{BDFF21B4-A71B-46E9-B0E2-5F10B354D548}.Debug|ARM.ActiveCfg = Debug|Tegra-Android
		{BDFF21B4-A71B-46E9-B0E2-5F10B354D548}.Debug|ARM64.ActiveCfg = Debug|Tegra-Android
		{BDFF21B4-A71B-46E9-B0E2-5F10B354D548}.Debug|Tegra-Android.ActiveCfg = Debug|Tegra-Android
		{BDFF21B4-A71B-46E9-B0E2-5F10B354D548}.Debug|Tegra-Android.Build.0 = Debug|Tegra-Android
		{BDFF21B4-A71B-46E9-B0E2-5F10B354D548}.Debug|x64.ActiveCfg = Debug|Tegra-Android
		{BDFF21B4-A71B-46E9-B0E2-5F10B354D548}.Debug|x86.ActiveCfg = Debug|Tegra-Android
		{BDFF21B4-A71B-46E9-B0E2-5F10B354D548}.Profile|ARM.ActiveCfg = Release|Tegra-Android
		{BDFF21B4-A71B-46E9-B0E2-5F10B354D548}.Profile|ARM.Build.0 = Release|Tegra-Android
		{BDFF21B4-A71B-46E9-B0E2-5F10B354D548}.Profile|ARM64.ActiveCfg = Release|Tegra-Android
		{BDFF21B4-A71B-46E9-B0E2-5F10B354D548}.Profile|ARM64.Build.0 = Release|Tegra-Android
		{BDFF21B4-A71B-46E9-B0E2-5F10B354D548}.Profile|Tegra-Android.ActiveCfg = Shipping|Tegra-Android
		{BDFF21B4-A71B-46E9-B0E2-5F10B354D548}.Profile|Tegra-Android.Build.0 = Shipping|Tegra-Android
		{BDFF21B4-A71B-46E9-B0E2-5F10B354D548}.Profile|x64.ActiveCfg = Release|Tegra-Android
		{BDFF21B4-A71B-46E9-B0E2-5F10B354D548}.Profile|x64.Build.0 = Release|Tegra-Android
		{BDFF21B4-A71B-46E9-B0E2-5F10B354D548}.Profile|x86.ActiveCfg = Release|Tegra-Android
		{BDFF21B4-A71B-46E9-B0E2-5F10B354D548}.Profile|x86.Build.0 = Release|Tegra-Android
		{BDFF21B4-A71B-46E9-B0E2-5F10B354D548}.Release|ARM.ActiveCfg = Release|Tegra-Android
		{BDFF21B4-A71B-46E9-B0E2-5F10B354D548}.Release|ARM64.ActiveCfg = Release|Tegra-Android
		{BDFF21B4-A71B-46E9-B0E2-5F10B354D548}.Release|Tegra-Android.ActiveCfg = Release|Tegra-Android
		{BDFF21B4-A71B-46E9-B0E2-5F10B354D548}.Release|Tegra-Android.Build.0 = Release|Tegra-Android
		{BDFF21B4-A71B-46E9-B0E2-5F10B354D548}.Release|x64.ActiveCfg = Release|Tegra-Android
		{BDFF21B4-A71B-46E9-B0E2-5F10B354D548}.Release|x86.ActiveCfg = Release|Tegra-Android
		{BDFF21B4-A71B-46E9-B0E2-5F10B354D548}.Shipping|ARM.ActiveCfg = Shipping|Tegra-Android
		{BDFF21B4-A71B-46E9-B0E2-5F10B354D548}.Shipping|ARM64.ActiveCfg = Shipping|Tegra-Android
		{BDFF21B4-A71B-46E9-B0E2-5F10B354D548}.Shipping|Tegra-Android.ActiveCfg = Shipping|Tegra-Android
		{BDFF21B4-A71B-46E9-B0E2-5F10B354D548}.Shipping|Tegra-Android.Build.0 = Shipping|Tegra-Android
		{BDFF21B4-A71B-46E9-B0E2-5F10B354D548}.Shipping|x64.ActiveCfg = Shipping|Tegra-Android
		{BDFF21B4-A71B-46E9-B0E2-5F10B354D548}.Shipping|x86.ActiveCfg = Shipping|Tegra-Android
		{2944ED19-B4D8-4D20-B8CC-4C826F4953EE}.Debug|ARM.ActiveCfg = Debug|Tegra-Android
		{2944ED19-B4D8-4D20-B8CC-4C826F4953EE}.Debug|ARM64.ActiveCfg = Debug|Tegra-Android
		{2944ED19-B4D8-4D20-B8CC-4C826F4953EE}.Debug|Tegra-Android.ActiveCfg = Debug|Tegra-Android
		{2944ED19-B4D8-4D20-B8CC-4C826F4953EE}.Debug|Tegra-Android.Build.0 = Debug|Tegra-Android
		{2944ED19-B4D8-4D20-B8CC-4C826F4953EE}.Debug|x64.ActiveCfg = Debug|Tegra-Android
		{2944ED19-B4D8-4D20-B8CC-4C826F4953EE}.Debug|x86.ActiveCfg = Debug|Tegra-Android
		{2944ED19-B4D8-4D20-B8CC-4C826F4953EE}.Profile|ARM.ActiveCfg = Release|Tegra-Android
		{2944ED19-B4D8-4D20-B8CC-4C826F4953EE}.Profile|ARM.Build.0 = Release|Tegra-Android
		{2944ED19-B4D8-4D20-B8CC-4C826F4953EE}.Profile|ARM64.ActiveCfg = Release|Tegra-Android
		{2944ED19-B4D8-4D20-B8CC-4C826F4953EE}.Profile|ARM64.Build.0 = Release|Tegra-Android
		{2944ED19-B4D8-4D20-B8CC-4C826F4953EE}.Profile|Tegra-Android.ActiveCfg = Shipping|Tegra-Android
		{2944ED19-B4D8-4D20-B8CC-4C826F4953EE}.Profile|Tegra-Android.Build.0 = Shipping|Tegra-Android
		{2944ED19-B4D8-4D20-B8CC-4C826F4953EE}.Profile|x64.ActiveCfg = Release|Tegra-Android
		{2944ED19-B4D8-4D20-B8CC-4C826F4953EE}.Profile|x64.Build.0 = Release|Tegra-Android
		{2944ED19-B4D8-4D20-B8CC-4C826F4953EE}.Profile|x86.ActiveCfg = Release|Tegra-Android
		{2944ED19-B4D8-4D20-B8CC-4C826F4953EE}.Profile|x86.Build.0 = Release|Tegra-Android
		{2944ED19-B4D8-4D20-B8CC-4C826F4953EE}.Release|ARM.ActiveCfg = Release|Tegra-Android
		{2944ED19-B4D8-4D20-B8CC-4C826F4953EE}.Release|ARM64.ActiveCfg = Release|Tegra-Android
		{2944ED19-B4D8-4D20-B8CC-4C826F4953EE}.Release|Tegra-Android.ActiveCfg = Release|Tegra-Android
		{2944ED19-B4D8-4D20-B8CC-4C826F4953EE}.Release|Tegra-Android.Build.0 = Release|Tegra-Android
		{2944ED19-B4D8-4D20-B8CC-4C826F4953EE}.Release|x64.ActiveCfg = Release|Tegra-Android
		{2944ED19-B4D8-4D20-B8CC-4C826F4953EE}.Release|x86.ActiveCfg = Release|Tegra-Android
		{2944ED19-B4D8-4D20-B8CC-4C826F4953EE}.Shipping|ARM.ActiveCfg = Shipping|Tegra-Android
		{2944ED19-B4D8-4D20-B8CC-4C826F4953EE}.Shipping|ARM64.ActiveCfg = Shipping|Tegra-Android
		{2944ED19-B4D8-4D20-B8CC-4C826F4953EE}.Shipping|Tegra-Android.ActiveCfg = Shipping|Tegra-Android
		{2944ED19-B4D8-4D20-B8CC-4C826F4953EE}.Shipping|Tegra-Android.Build.0 = Shipping|Tegra-Android
		{2944ED19-B4D8-4D20-B8CC-4C826F4953EE}.Shipping|x64.ActiveCfg = Shipping|Tegra-Android
		{2944ED19-B4D8-4D20-B8CC-4C826F4953EE}.Shipping|x86.ActiveCfg = Shipping|Tegra-Android
		{B7C6F7A0-2A1B-4BEA-879A-5F35257FB1D7}.Debug|ARM.ActiveCfg = Debug|Tegra-Android
		{B7C6F7A0-2A1B-4BEA-879A-5F35257FB1D7}.Debug|ARM64.ActiveCfg = Debug|Tegra-Android
		{B7C6F7A0-2A1B-4BEA-879A-5F35257FB1D7}.Debug|Tegra-Android.ActiveCfg = Debug|Tegra-Android
		{B7C6F7A0-2A1B-4BEA-879A-5F35257FB1D7}.Debug|Tegra-Android.Build.0 = Debug|Tegra-Android
		{B7C6F7A0-2A1B-4BEA-879A-5F35257FB1D7}.Debug|x64.ActiveCfg = Debug|Tegra-Android
		{B7C6F7A0-2A1B-4BEA-879A-5F35257FB1D7}.Debug|x86.ActiveCfg = Debug|Tegra-Android
		{B7C6F7A0-2A1B-4BEA-879A-5F35257FB1D7}.Profile|ARM.ActiveCfg = Release|Tegra-Android
		{B7C6F7A0-2A1B-4BEA-879A-5F35257FB1D7}.Profile|ARM.Build.0 = Release|Tegra-Android
		{B7C6F7A0-2A1B-4BEA-879A-5F35257FB1D7}.Profile|ARM64.ActiveCfg = Release|Tegra-Android
		{B7C6F7A0-2A1B-4BEA-879A-5F35257FB1D7}.Profile|ARM64.Build.0 = Release|Tegra-Android
		{B7C6F7A0-2A1B-4BEA-879A-5F35257FB1D7}.Profile|Tegra-Android.ActiveCfg = Shipping|Tegra-Android
		{B7C6F7A0-2A1B-4BEA-879A-5F35257FB1D7}.Profile|Tegra-Android.Build.0 = Shipping|Tegra-Android
		{B7C6F7A0-2A1B-4BEA-879A-5F35257FB1D7}.Profile|x64.ActiveCfg = Release|Tegra-Android
		{B7C6F7A0-2A1B-4BEA-879A-5F35257FB1D7}.Profile|x64.Build.0 = Release|Tegra-Android
		{B7C6F7A0-2A1B-4BEA-879A-5F35257FB1D7}.Profile|x86.ActiveCfg = Release|Tegra-Android
		{B7C6F7A0-2A1B-4BEA-879A-5F35257FB1D7}.Profile|x86.Build.0 = Release|Tegra-Android
		{B7C6F7A0-2A1B-4BEA-879A-5F35257FB1D7}.Release|ARM.ActiveCfg = Release|Tegra-Android
		{B7C6F7A0-2A1B-4BEA-879A-5F35257FB1D7}.Release|ARM64.ActiveCfg = Release|Tegra-Android
		{B7C6F7A0-2A1B-4BEA-879A-5F35257FB1D7}.Release|Tegra-Android.ActiveCfg = Release|Tegra-Android
		{B7C6F7A0-2A1B-4BEA-879A-5F35257FB1D7}.Release|Tegra-Android.Build.0 = Release|Tegra-Android
		{B7C6F7A0-2A1B-4BEA-879A-5F35257FB1D7}.Release|x64.ActiveCfg = Release|Tegra-Android
		{B7C6F7A0-2A1B-4BEA-879A-5F35257FB1D7}.Release|x86.ActiveCfg = Release|Tegra-Android
		{B7C6F7A0-2A1B-4BEA-879A-5F35257FB1D7}.Shipping|ARM.ActiveCfg = Shipping|Tegra-Android
		{B7C6F7A0-2A1B-4BEA-879A-5F35257FB1D7}.Shipping|ARM64.ActiveCfg = Shipping|Tegra-Android
		{B7C6F7A0-2A1B-4BEA-879A-5F35257FB1D7}.Shipping|Tegra-Android.ActiveCfg = Shipping|Tegra-Android
		{B7C6F7A0-2A1B-4BEA-879A-5F35257FB1D7}.Shipping|Tegra-Android.Build.0 = Shipping|Tegra-Android
		{B7C6F7A0-2A1B-4BEA-879A-5F35257FB1D7}.Shipping|x64.ActiveCfg = Shipping|Tegra-Android
		{B7C6F7A0-2A1B-4BEA-879A-5F35257FB1D7}.Shipping|x86.ActiveCfg = Shipping|Tegra-Android
		{5B3D054E-BE57-439E-8C5F-A8129D344AD2}.Debug|ARM.ActiveCfg = Debug|Tegra-Android
		{5B3D054E-BE57-439E-8C5F-A8129D344AD2}.Debug|ARM64.ActiveCfg = Debug|Tegra-Android
		{5B3D054E-BE57-439E-8C5F-A8129D344AD2}.Debug|Tegra-Android.ActiveCfg = Debug|Tegra-Android
		{5B3D054E-BE57-439E-8C5F-A8129D344AD2}.Debug|Tegra-Android.Build.0 = Debug|Tegra-Android
		{5B3D054E-BE57-439E-8C5F-A8129D344AD2}.Debug|x64.ActiveCfg = Debug|Tegra-Android
		{5B3D054E-BE57-439E-8C5F-A8129D344AD2}.Debug|x86.ActiveCfg = Debug|Tegra-Android
		{5B3D054E-BE57-439E-8C5F-A8129D344AD2}.Profile|ARM.ActiveCfg = Release|Tegra-Android
		{5B3D054E-BE57-439E-8C5F-A8129D344AD2}.Profile|ARM.Build.0 = Release|Tegra-Android
		{5B3D054E-BE57-439E-8C5F-A8129D344AD2}.Profile|ARM64.ActiveCfg = Release|Tegra-Android
		{5B3D054E-BE57-439E-8C5F-A8129D344AD2}.Profile|ARM64.Build.0 = Release|Tegra-Android
		{5B3D054E-BE57-439E-8C5F-A8129D344AD2}.Profile|Tegra-Android.ActiveCfg = Shipping|Tegra-Android
		{5B3D054E-BE57-439E-8C5F-A8129D344AD2}.Profile|Tegra-Android.Build.0 = Shipping|Tegra-Android
		{5B3D054E-BE57-439E-8C5F-A8129D344AD2}.Profile|x64.ActiveCfg = Release|Tegra-Android
		{5B3D054E-BE57-439E-8C5F-A8129D344AD2}.Profile|x64.Build.0 = Release|Tegra-Android
		{5B3D054E-BE57-439E-8C5F-A8129D344AD2}.Profile|x86.ActiveCfg = Release|Tegra-Android
		{5B3D054E-BE57-439E-8C5F-A8129D344AD2}.Profile|x86.Build.0 = Release|Tegra-Android
		{5B3D054E-BE57-439E-8C5F-A8129D344AD2}.Release|ARM.ActiveCfg = Release|Tegra-Android
		{5B3D054E-BE57-439E-8C5F-A8129D344AD2}.Release|ARM64.ActiveCfg = Release|Tegra-Android
		{5B3D054E-BE57-439E-8C5F-A8129D344AD2}.Release|Tegra-Android.ActiveCfg = Release|Tegra-Android
		{5B3D054E-BE57-439E-8C5F-A8129D344AD2}.Release|Tegra-Android.Build.0 = Release|Tegra-Android
		{5B3D054E-BE57-439E-8C5F-A8129D344AD2}.Release|x64.ActiveCfg = Release|Tegra-Android
		{5B3D054E-BE57-439E-8C5F-A8129D344AD2}.Release|x86.ActiveCfg = Release|Tegra-Android
		{5B3D054E-BE57-439E-8C5F-A8129D344AD2}.Shipping|ARM.ActiveCfg = Shipping|Tegra-Android
		{5B3D054E-BE57-439E-8C5F-A8129D344AD2}.Shipping|ARM64.ActiveCfg = Shipping|Tegra-Android
		{5B3D054E-BE57-439E-8C5F-A8129D344AD2}.Shipping|Tegra-Android.ActiveCfg = Shipping|Tegra-Android
		{5B3D054E-BE57-439E-8C5F-A8129D344AD2}.Shipping|Tegra-Android.Build.0 = Shipping|Tegra-Android
		{5B3D054E-BE57-439E-8C5F-A8129D344AD2}.Shipping|x64.ActiveCfg = Shipping|Tegra-Android
		{5B3D054E-BE57-439E-8C5F-A8129D344AD2}.Shipping|x86.ActiveCfg = Shipping|Tegra-Android
		{C69E3335-CDB8-4654-96AF-33E51FE1D63A}.Debug|ARM.ActiveCfg = Debug|Tegra-Android
		{C69E3335-CDB8-4654-96AF-33E51FE1D63A}.Debug|ARM64.ActiveCfg = Debug|Tegra-Android
		{C69E3335-CDB8-4654-96AF-33E51FE1D63A}.Debug|Tegra-Android.ActiveCfg = Debug|Tegra-Android
		{C69E3335-CDB8-4654-96AF-33E51FE1D63A}.Debug|Tegra-Android.Build.0 = Debug|Tegra-Android
		{C69E3335-CDB8-4654-96AF-33E51FE1D63A}.Debug|x64.ActiveCfg = Debug|Tegra-Android
		{C69E3335-CDB8-4654-96AF-33E51FE1D63A}.Debug|x86.ActiveCfg = Debug|Tegra-Android
		{C69E3335-CDB8-4654-96AF-33E51FE1D63A}.Profile|ARM.ActiveCfg = Release|Tegra-Android
		{C69E3335-CDB8-4654-96AF-33E51FE1D63A}.Profile|ARM.Build.0 = Release|Tegra-Android
		{C69E3335-CDB8-4654-96AF-33E51FE1D63A}.Profile|ARM64.ActiveCfg = Release|Tegra-Android
		{C69E3335-CDB8-4654-96AF-33E51FE1D63A}.Profile|ARM64.Build.0 = Release|Tegra-Android
		{C69E3335-CDB8-4654-96AF-33E51FE1D63A}.Profile|Tegra-Android.ActiveCfg = Shipping|Tegra-Android
		{C69E3335-CDB8-4654-96AF-33E51FE1D63A}.Profile|Tegra-Android.Build.0 = Shipping|Tegra-Android
		{C69E3335-CDB8-4654-96AF-33E51FE1D63A}.Profile|x64.ActiveCfg = Release|Tegra-Android
		{C69E3335-CDB8-4654-96AF-33E51FE1D63A}.Profile|x64.Build.0 = Release|Tegra-Android
		{C69E3335-CDB8-4654-96AF-33E51FE1D63A}.Profile|x86.ActiveCfg = Release|Tegra-Android
		{C69E3335-CDB8-4654-96AF-33E51FE1D63A}.Profile|x86.Build.0 = Release|Tegra-Android
		{C69E3335-CDB8-4654-96AF-33E51FE1D63A}.Release|ARM.ActiveCfg = Release|Tegra-Android
		{C69E3335-CDB8-4654-96AF-33E51FE1D63A}.Release|ARM64.ActiveCfg = Release|Tegra-Android
		{C69E3335-CDB8-4654-96AF-33E51FE1D63A}.Release|Tegra-Android.ActiveCfg = Release|Tegra-Android
		{C69E3335-CDB8-4654-96AF-33E51FE1D63A}.Release|Tegra-Android.Build.0 = Release|Tegra-Android
		{C69E3335-CDB8-4654-96AF-33E51FE1D63A}.Release|x64.ActiveCfg = Release|Tegra-Android
		{C69E3335-CDB8-4654-96AF-33E51FE1D63A}.Release|x86.ActiveCfg = Release|Tegra-Android
		{C69E3335-CDB8-4654-96AF-33E51FE1D63A}.Shipping|ARM.ActiveCfg = Shipping|Tegra-Android
		{C69E3335-CDB8-4654-96AF-33E51FE1D63A}.Shipping|ARM64.ActiveCfg = Shipping|Tegra-Android
		{C69E3335-CDB8-4654-96AF-33E51FE1D63A}.Shipping|Tegra-Android.ActiveCfg = Shipping|Tegra-Android
		{C69E3335-CDB8-4654-96AF-33E51FE1D63A}.Shipping|Tegra-Android.Build.0 = Shipping|Tegra-Android
		{C69E3335-CDB8-4654-96AF-33E51FE1D63A}.Shipping|x64.ActiveCfg = Shipping|Tegra-Android
		{C69E3335-CDB8-4654-96AF-33E51FE1D63A}.Shipping|x86.ActiveCfg = Shipping|Tegra-Android
		{93A1B973-DEDD-4713-9975-33767CE87919}.Debug|ARM.ActiveCfg = Debug|Tegra-Android
		{93A1B973-DEDD-4713-9975-33767CE87919}.Debug|ARM64.ActiveCfg = Debug|Tegra-Android
		{93A1B973-DEDD-4713-9975-33767CE87919}.Debug|Tegra-Android.ActiveCfg = Debug|Tegra-Android
		{93A1B973-DEDD-4713-9975-33767CE87919}.Debug|Tegra-Android.Build.0 = Debug|Tegra-Android
		{93A1B973-DEDD-4713-9975-33767CE87919}.Debug|x64.ActiveCfg = Debug|Tegra-Android
		{93A1B973-DEDD-4713-9975-33767CE87919}.Debug|x86.ActiveCfg = Debug|Tegra-Android
		{93A1B973-DEDD-4713-9975-33767CE87919}.Profile|ARM.ActiveCfg = Release|Tegra-Android
		{93A1B973-DEDD-4713-9975-33767CE87919}.Profile|ARM.Build.0 = Release|Tegra-Android
		{93A1B973-DEDD-4713-9975-33767CE87919}.Profile|ARM64.ActiveCfg = Release|Tegra-Android
		{93A1B973-DEDD-4713-9975-33767CE87919}.Profile|ARM64.Build.0 = Release|Tegra-Android
		{93A1B973-DEDD-4713-9975-33767CE87919}.Profile|Tegra-Android.ActiveCfg = Shipping|Tegra-Android
		{93A1B973-DEDD-4713-9975-33767CE87919}.Profile|Tegra-Android.Build.0 = Shipping|Tegra-Android
		{93A1B973-DEDD-4713-9975-33767CE87919}.Profile|x64.ActiveCfg = Release|Tegra-Android
		{93A1B973-DEDD-4713-9975-33767CE87919}.Profile|x64.Build.0 = Release|Tegra-Android
		{93A1B973-DEDD-4713-9975-33767CE87919}.Profile|x86.ActiveCfg = Release|Tegra-Android
		{93A1B973-DEDD-4713-9975-33767CE87919}.Profile|x86.Build.0 = Release|Tegra-Android
		{93A1B973-DEDD-4713-9975-33767CE87919}.Release|ARM.ActiveCfg = Release|Tegra-Android
		{93A1B973-DEDD-4713-9975-33767CE87919}.Release|ARM64.ActiveCfg = Release|Tegra-Android
		{93A1B973-DEDD-4713-9975-33767CE87919}.Release|Tegra-Android.ActiveCfg = Release|Tegra-Android
		{93A1B973-DEDD-4713-9975-33767CE87919}.Release|Tegra-Android.Build.0 = Release|Tegra-Android
		{93A1B973-DEDD-4713-9975-33767CE87919}.Release|x64.ActiveCfg = Release|Tegra-Android
		{93A1B973-DEDD-4713-9975-33767CE87919}.Release|x86.ActiveCfg = Release|Tegra-Android
		{93A1B973-DEDD-4713-9975-33767CE87919}.Shipping|ARM.ActiveCfg = Shipping|Tegra-Android
		{93A1B973-DEDD-4713-9975-33767CE87919}.Shipping|ARM64.ActiveCfg = Shipping|Tegra-Android
		{93A1B973-DEDD-4713-9975-33767CE87919}.Shipping|Tegra-Android.ActiveCfg = Shipping|Tegra-Android
		{93A1B973-DEDD-4713-9975-33767CE87919}.Shipping|Tegra-Android.Build.0 = Shipping|Tegra-Android
		{93A1B973-DEDD-4713-9975-33767CE87919}.Shipping|x64.ActiveCfg = Shipping|Tegra-Android
		{93A1B973-DEDD-4713-9975-33767CE87919}.Shipping|x86.ActiveCfg = Shipping|Tegra-Android
		{21055ACB-DBC4-48C9-BBD9-5659EA61722A}.Debug|ARM.ActiveCfg = Debug|Tegra-Android
		{21055ACB-DBC4-48C9-BBD9-5659EA61722A}.Debug|ARM64.ActiveCfg = Debug|Tegra-Android
		{21055ACB-DBC4-48C9-BBD9-5659EA61722A}.Debug|Tegra-Android.ActiveCfg = Debug|Tegra-Android
		{21055ACB-DBC4-48C9-BBD9-5659EA61722A}.Debug|Tegra-Android.Build.0 = Debug|Tegra-Android
		{21055ACB-DBC4-48C9-BBD9-5659EA61722A}.Debug|x64.ActiveCfg = Debug|Tegra-Android
		{21055ACB-DBC4-48C9-BBD9-5659EA61722A}.Debug|x86.ActiveCfg = Debug|Tegra-Android
		{21055ACB-DBC4-48C9-BBD9-5659EA61722A}.Profile|ARM.ActiveCfg = Release|Tegra-Android
		{21055ACB-DBC4-48C9-BBD9-5659EA61722A}.Profile|ARM.Build.0 = Release|Tegra-Android
		{21055ACB-DBC4-48C9-BBD9-5659EA61722A}.Profile|ARM64.ActiveCfg = Release|Tegra-Android
		{21055ACB-DBC4-48C9-BBD9-5659EA61722A}.Profile|ARM64.Build.0 = Release|Tegra-Android
		{21055ACB-DBC4-48C9-BBD9-5659EA61722A}.Profile|Tegra-Android.ActiveCfg = Shipping|Tegra-Android
		{21055ACB-DBC4-48C9-BBD9-5659EA61722A}.Profile|Tegra-Android.Build.0 = Shipping|Tegra-Android
		{21055ACB-DBC4-48C9-BBD9-5659EA61722A}.Profile|x64.ActiveCfg = Release|Tegra-Android
		{21055ACB-DBC4-48C9-BBD9-5659EA61722A}.Profile|x64.Build.0 = Release|Tegra-Android
		{21055ACB-DBC4-48C9-BBD9-5659EA61722A}.Profile|x86.ActiveCfg = Release|Tegra-Android
		{21055ACB-DBC4-48C9-BBD9-5659EA61722A}.Profile|x86.Build.0 = Release|Tegra-Android
		{21055ACB-DBC4-48C9-BBD9-5659EA61722A}.Release|ARM.ActiveCfg = Release|Tegra-Android
		{21055ACB-DBC4-48C9-BBD9-5659EA61722A}.Release|ARM64.ActiveCfg = Release|Tegra-Android
		{21055ACB-DBC4-48C9-BBD9-5659EA61722A}.Release|Tegra-Android.ActiveCfg = Release|Tegra-Android
		{21055ACB-DBC4-48C9-BBD9-5659EA61722A}.Release|Tegra-Android.Build.0 = Release|Tegra-Android
		{21055ACB-DBC4-48C9-BBD9-5659EA61722A}.Release|x64.ActiveCfg = Release|Tegra-Android
		{21055ACB-DBC4-48C9-BBD9-5659EA61722A}.Release|x86.ActiveCfg = Release|Tegra-Android
		{21055ACB-DBC4-48C9-BBD9-5659EA61722A}.Shipping|ARM.ActiveCfg = Shipping|Tegra-Android
		{21055ACB-DBC4-48C9-BBD9-5659EA61722A}.Shipping|ARM64.ActiveCfg = Shipping|Tegra-Android
		{21055ACB-DBC4-48C9-BBD9-5659EA61722A}.Shipping|Tegra-Android.ActiveCfg = Shipping|Tegra-Android
		{21055ACB-DBC4-48C9-BBD9-5659EA61722A}.Shipping|Tegra-Android.Build.0 = Shipping|Tegra-Android
		{21055ACB-DBC4-48C9-BBD9-5659EA61722A}.Shipping|x64.ActiveCfg = Shipping|Tegra-Android
		{21055ACB-DBC4-48C9-BBD9-5659EA61722A}.Shipping|x86.ActiveCfg = Shipping|Tegra-Android
		{F576B150-AD8C-4CF3-B3F5-01370D146F3E}.Debug|ARM.ActiveCfg = Debug|Tegra-Android
		{F576B150-AD8C-4CF3-B3F5-01370D146F3E}.Debug|ARM64.ActiveCfg = Debug|Tegra-Android
		{F576B150-AD8C-4CF3-B3F5-01370D146F3E}.Debug|Tegra-Android.ActiveCfg = Debug|Tegra-Android
		{F576B150-AD8C-4CF3-B3F5-01370D146F3E}.Debug|Tegra-Android.Build.0 = Debug|Tegra-Android
		{F576B150-AD8C-4CF3-B3F5-01370D146F3E}.Debug|x64.ActiveCfg = Debug|Tegra-Android
		{F576B150-AD8C-4CF3-B3F5-01370D146F3E}.Debug|x86.ActiveCfg = Debug|Tegra-Android
		{F576B150-AD8C-4CF3-B3F5-01370D146F3E}.Profile|ARM.ActiveCfg = Shipping|Tegra-Android
		{F576B150-AD8C-4CF3-B3F5-01370D146F3E}.Profile|ARM.Build.0 = Shipping|Tegra-Android
		{F576B150-AD8C-4CF3-B3F5-01370D146F3E}.Profile|ARM64.ActiveCfg = Shipping|Tegra-Android
		{F576B150-AD8C-4CF3-B3F5-01370D146F3E}.Profile|ARM64.Build.0 = Shipping|Tegra-Android
		{F576B150-AD8C-4CF3-B3F5-01370D146F3E}.Profile|Tegra-Android.ActiveCfg = Shipping|Tegra-Android
		{F576B150-AD8C-4CF3-B3F5-01370D146F3E}.Profile|Tegra-Android.Build.0 = Shipping|Tegra-Android
		{F576B150-AD8C-4CF3-B3F5-01370D146F3E}.Profile|x64.ActiveCfg = Shipping|Tegra-Android
		{F576B150-AD8C-4CF3-B3F5-01370D146F3E}.Profile|x64.Build.0 = Shipping|Tegra-Android
		{F576B150-AD8C-4CF3-B3F5-01370D146F3E}.Profile|x86.ActiveCfg = Shipping|Tegra-Android
		{F576B150-AD8C-4CF3-B3F5-01370D146F3E}.Profile|x86.Build.0 = Shipping|Tegra-Android
		{F576B150-AD8C-4CF3-B3F5-01370D146F3E}.Release|ARM.ActiveCfg = Release|Tegra-Android
		{F576B150-AD8C-4CF3-B3F5-01370D146F3E}.Release|ARM64.ActiveCfg = Release|Tegra-Android
		{F576B150-AD8C-4CF3-B3F5-01370D146F3E}.Release|Tegra-Android.ActiveCfg = Release|Tegra-Android
		{F576B150-AD8C-4CF3-B3F5-01370D146F3E}.Release|Tegra-Android.Build.0 = Release|Tegra-Android
		{F576B150-AD8C-4CF3-B3F5-01370D146F3E}.Release|x64.ActiveCfg = Release|Tegra-Android
		{F576B150-AD8C-4CF3-B3F5-01370D146F3E}.Release|x86.ActiveCfg = Release|Tegra-Android
		{F576B150-AD8C-4CF3-B3F5-01370D146F3E}.Shipping|ARM.ActiveCfg = Shipping|Tegra-Android
		{F576B150-AD8C-4CF3-B3F5-01370D146F3E}.Shipping|ARM64.ActiveCfg = Shipping|Tegra-Android
		{F576B150-AD8C-4CF3-B3F5-01370D146F3E}.Shipping|Tegra-Android.ActiveCfg = Shipping|Tegra-Android
		{F576B150-AD8C-4CF3-B3F5-01370D146F3E}.Shipping|Tegra-Android.Build.0 = Shipping|Tegra-Android
		{F576B150-AD8C-4CF3-B3F5-01370D146F3E}.Shipping|x64.ActiveCfg = Shipping|Tegra-Android
		{F576B150-AD8C-4CF3-B3F5-01370D146F3E}.Shipping|x86.ActiveCfg = Shipping|Tegra-Android
		{48384108-3B89-4CB3-A6AB-1410F9C4F461}.Debug|ARM.ActiveCfg = Debug|Tegra-Android
		{48384108-3B89-4CB3-A6AB-1410F9C4F461}.Debug|ARM64.ActiveCfg = Debug|Tegra-Android
		{48384108-3B89-4CB3-A6AB-1410F9C4F461}.Debug|Tegra-Android.ActiveCfg = Debug|Tegra-Android
		{48384108-3B89-4CB3-A6AB-1410F9C4F461}.Debug|Tegra-Android.Build.0 = Debug|Tegra-Android
		{48384108-3B89-4CB3-A6AB-1410F9C4F461}.Debug|x64.ActiveCfg = Debug|Tegra-Android
		{48384108-3B89-4CB3-A6AB-1410F9C4F461}.Debug|x86.ActiveCfg = Debug|Tegra-Android
		{48384108-3B89-4CB3-A6AB-1410F9C4F461}.Profile|ARM.ActiveCfg = Shipping|Tegra-Android
		{48384108-3B89-4CB3-A6AB-1410F9C4F461}.Profile|ARM.Build.0 = Shipping|Tegra-Android
		{48384108-3B89-4CB3-A6AB-1410F9C4F461}.Profile|ARM64.ActiveCfg = Shipping|Tegra-Android
		{48384108-3B89-4CB3-A6AB-1410F9C4F461}.Profile|ARM64.Build.0 = Shipping|Tegra-Android
		{48384108-3B89-4CB3-A6AB-1410F9C4F461}.Profile|Tegra-Android.ActiveCfg = Shipping|Tegra-Android
		{48384108-3B89-4CB3-A6AB-1410F9C4F461}.Profile|Tegra-Android.Build.0 = Shipping|Tegra-Android
		{48384108-3B89-4CB3-A6AB-1410F9C4F461}.Profile|x64.ActiveCfg = Shipping|Tegra-Android
		{48384108-3B89-4CB3-A6AB-1410F9C4F461}.Profile|x64.Build.0 = Shipping|Tegra-Android
		{48384108-3B89-4CB3-A6AB-1410F9C4F461}.Profile|x86.ActiveCfg = Shipping|Tegra-Android
		{48384108-3B89-4CB3-A6AB-1410F9C4F461}.Profile|x86.Build.0 = Shipping|Tegra-Android
		{48384108-3B89-4CB3-A6AB-1410F9C4F461}.Release|ARM.ActiveCfg = Release|Tegra-Android
		{48384108-3B89-4CB3-A6AB-1410F9C4F461}.Release|ARM64.ActiveCfg = Release|Tegra-Android
		{48384108-3B89-4CB3-A6AB-1410F9C4F461}.Release|Tegra-Android.ActiveCfg = Release|Tegra-Android
		{48384108-3B89-4CB3-A6AB-1410F9C4F461}.Release|Tegra-Android.Build.0 = Release|Tegra-Android
		{48384108-3B89-4CB3-A6AB-1410F9C4F461}.Release|x64.ActiveCfg = Release|Tegra-Android
		{48384108-3B89-4CB3-A6AB-1410F9C4F461}.Release|x86.ActiveCfg = Release|Tegra-Android
		{48384108-3B89-4CB3-A6AB-1410F9C4F461}.Shipping|ARM.ActiveCfg = Shipping|Tegra-Android
		{48384108-3B89-4CB3-A6AB-1410F9C4F461}.Shipping|ARM64.ActiveCfg = Shipping|Tegra-Android
		{48384108-3B89-4CB3-A6AB-1410F9C4F461}.Shipping|Tegra-Android.ActiveCfg = Shipping|Tegra-Android
		{48384108-3B89-4CB3-A6AB-1410F9C4F461}.Shipping|Tegra-Android.Build.0 = Shipping|Tegra-Android
		{48384108-3B89-4CB3-A6AB-1410F9C4F461}.Shipping|x64.ActiveCfg = Shipping|Tegra-Android
		{48384108-3B89-4CB3-A6AB-1410F9C4F461}.Shipping|x86.ActiveCfg = Shipping|Tegra-Android
		{97E80FDB-1078-492A-AA94-638A863386D1}.Debug|ARM.ActiveCfg = Debug|Tegra-Android
		{97E80FDB-1078-492A-AA94-638A863386D1}.Debug|ARM64.ActiveCfg = Debug|Tegra-Android
		{97E80FDB-1078-492A-AA94-638A863386D1}.Debug|Tegra-Android.ActiveCfg = Debug|Tegra-Android
		{97E80FDB-1078-492A-AA94-638A863386D1}.Debug|Tegra-Android.Build.0 = Debug|Tegra-Android
		{97E80FDB-1078-492A-AA94-638A863386D1}.Debug|x64.ActiveCfg = Debug|Tegra-Android
		{97E80FDB-1078-492A-AA94-638A863386D1}.Debug|x86.ActiveCfg = Debug|Tegra-Android
		{97E80FDB-1078-492A-AA94-638A863386D1}.Profile|ARM.ActiveCfg = Shipping|Tegra-Android
		{97E80FDB-1078-492A-AA94-638A863386D1}.Profile|ARM.Build.0 = Shipping|Tegra-Android
		{97E80FDB-1078-492A-AA94-638A863386D1}.Profile|ARM64.ActiveCfg = Shipping|Tegra-Android
		{97E80FDB-1078-492A-AA94-638A863386D1}.Profile|ARM64.Build.0 = Shipping|Tegra-Android
		{97E80FDB-1078-492A-AA94-638A863386D1}.Profile|Tegra-Android.ActiveCfg = Shipping|Tegra-Android
		{97E80FDB-1078-492A-AA94-638A863386D1}.Profile|Tegra-Android.Build.0 = Shipping|Tegra-Android
		{97E80FDB-1078-492A-AA94-638A863386D1}.Profile|x64.ActiveCfg = Shipping|Tegra-Android
		{97E80FDB-1078-492A-AA94-638A863386D1}.Profile|x64.Build.0 = Shipping|Tegra-Android
		{97E80FDB-1078-492A-AA94-638A863386D1}.Profile|x86.ActiveCfg = Shipping|Tegra-Android
		{97E80FDB-1078-492A-AA94-638A863386D1}.Profile|x86.Build.0 = Shipping|Tegra-Android
		{97E80FDB-1078-492A-AA94-638A863386D1}.Release|ARM.ActiveCfg = Release|Tegra-Android
		{97E80FDB-1078-492A-AA94-638A863386D1}.Release|ARM64.ActiveCfg = Release|Tegra-Android
		{97E80FDB-1078-492A-AA94-638A863386D1}.Release|Tegra-Android.ActiveCfg = Release|Tegra-Android
		{97E80FDB-1078-492A-AA94-638A863386D1}.Release|Tegra-Android.Build.0 = Release|Tegra-Android
		{97E80FDB-1078-492A-AA94-638A863386D1}.Release|x64.ActiveCfg = Release|Tegra-Android
		{97E80FDB-1078-492A-AA94-638A863386D1}.Release|x86.ActiveCfg = Release|Tegra-Android
		{97E80FDB-1078-492A-AA94-638A863386D1}.Shipping|ARM.ActiveCfg = Shipping|Tegra-Android
		{97E80FDB-1078-492A-AA94-638A863386D1}.Shipping|ARM64.ActiveCfg = Shipping|Tegra-Android
		{97E80FDB-1078-492A-AA94-638A863386D1}.Shipping|Tegra-Android.ActiveCfg = Shipping|Tegra-Android
		{97E80FDB-1078-492A-AA94-638A863386D1}.Shipping|Tegra-Android.Build.0 = Shipping|Tegra-Android
		{97E80FDB-1078-492A-AA94-638A863386D1}.Shipping|x64.ActiveCfg = Shipping|Tegra-Android
		{97E80FDB-1078-492A-AA94-638A863386D1}.Shipping|x86.ActiveCfg = Shipping|Tegra-Android
	EndGlobalSection
	GlobalSection(SolutionProperties) = preSolution
		HideSolutionNode = FALSE
	EndGlobalSection
EndGlobal
