<?xml version="1.0" encoding="utf-8"?>
<Project ToolsVersion="4.0" xmlns="http://schemas.microsoft.com/developer/msbuild/2003">
  <ItemGroup>
    <ClInclude Include="pch.h" />
    <ClInclude Include="nv_main\engine.h" />
    <ClInclude Include="..\..\..\Source\BlueshiftPlayer\Precompiled.h" />
    <ClInclude Include="..\..\..\Source\BlueshiftPlayer\Application.h" />
  </ItemGroup>
  <ItemGroup>
    <ClCompile Include="nv_main\engine.cpp" />
    <ClCompile Include="nv_main\main.cpp" />
    <ClCompile Include="..\..\..\Source\BlueshiftPlayer\Precompiled.cpp" />
    <ClCompile Include="..\..\..\Source\BlueshiftPlayer\Application.cpp" />
    <ClCompile Include="..\..\..\Source\BlueshiftPlayer\AndroidMain.cpp" />
  </ItemGroup>
</Project>