Microsoft Visual Studio Solution File, Format Version 12.00
# Visual Studio 14
VisualStudioVersion = 14.0.25123.0
MinimumVisualStudioVersion = 10.0.40219.1
Project("{FAE04EC0-301F-11D3-BF4B-00C04F79EFBC}") = "XamarinControl", "XamarinControl\XamarinControl.csproj", "{27B6710C-137A-4886-83A5-659F957049A0}"
EndProject
Project("{8BC9CEB8-8B4A-11D0-8D11-00A0C91BC942}") = "libControl", "libControl\libControl.vcxproj", "{A330EFF6-5DED-4FA2-8C2A-5EDA599D1AF4}"
EndProject
Project("{8BC9CEB8-8B4A-11D0-8D11-00A0C91BC942}") = "BLib", "BLib\BLib.vcxproj", "{A2E9B1FB-12C0-487F-B7ED-D3FDBFAA0C1B}"
EndProject
Project("{8BC9CEB8-8B4A-11D0-8D11-00A0C91BC942}") = "Bullet", "Bullet\Bullet.vcxproj", "{9E3882AD-1BE9-4F1D-8A29-9255DCDE0420}"
EndProject
Project("{8BC9CEB8-8B4A-11D0-8D11-00A0C91BC942}") = "Core", "Core\Core.vcxproj", "{A1A6B3DC-54B6-4AEF-AF6E-00FBAF75ABCE}"
EndProject
Project("{8BC9CEB8-8B4A-11D0-8D11-00A0C91BC942}") = "freetype", "freetype\freetype.vcxproj", "{F07B5211-BE78-4DD9-A4C1-9F28E786895F}"
EndProject
Project("{8BC9CEB8-8B4A-11D0-8D11-00A0C91BC942}") = "HACD", "HACD\HACD.vcxproj", "{64EF834B-1A4E-4E0E-9C96-1004B5A729C2}"
EndProject
Project("{8BC9CEB8-8B4A-11D0-8D11-00A0C91BC942}") = "jsoncpp", "jsoncpp\jsoncpp.vcxproj", "{3C28B950-51BE-4865-A20C-1D3324DE354A}"
EndProject
Project("{8BC9CEB8-8B4A-11D0-8D11-00A0C91BC942}") = "libjpeg", "libjpeg\libjpeg.vcxproj", "{1DC265F4-6E79-496B-8253-CBC20ABE817D}"
EndProject
Project("{8BC9CEB8-8B4A-11D0-8D11-00A0C91BC942}") = "libpng", "libpng\libpng.vcxproj", "{E7215EFB-ED08-41C6-8D93-32F22BC0F3FD}"
EndProject
Project("{8BC9CEB8-8B4A-11D0-8D11-00A0C91BC942}") = "libpvrt", "libpvrt\libpvrt.vcxproj", "{163E68EE-66E2-4E96-AF00-0CD8DB24F512}"
EndProject
Project("{8BC9CEB8-8B4A-11D0-8D11-00A0C91BC942}") = "minizip", "minizip\minizip.vcxproj", "{1D252C6A-2AB8-410B-BF59-2D8498BB10CF}"
EndProject
Project("{8BC9CEB8-8B4A-11D0-8D11-00A0C91BC942}") = "Renderer", "Renderer\Renderer.vcxproj", "{09BBBA10-2E27-436C-8988-5CE884766451}"
EndProject
Project("{8BC9CEB8-8B4A-11D0-8D11-00A0C91BC942}") = "rg_etc1", "rg_etc1\rg_etc1.vcxproj", "{F060DA3C-808D-4728-A605-C4037095424F}"
EndProject
Project("{8BC9CEB8-8B4A-11D0-8D11-00A0C91BC942}") = "zlib", "zlib\zlib.vcxproj", "{3CAB54D7-9502-49D2-94C0-E3D26A8994E1}"
EndProject
Global
	GlobalSection(SolutionConfigurationPlatforms) = preSolution
		Debug|Win32 = Debug|Win32
		Debug|x64 = Debug|x64
		MinSizeRel|Win32 = MinSizeRel|Win32
		MinSizeRel|x64 = MinSizeRel|x64
		Release|Win32 = Release|Win32
		Release|x64 = Release|x64
		RelWithDebInfo|Win32 = RelWithDebInfo|Win32
		RelWithDebInfo|x64 = RelWithDebInfo|x64
	EndGlobalSection
	GlobalSection(ProjectConfigurationPlatforms) = postSolution
		{27B6710C-137A-4886-83A5-659F957049A0}.Debug|Win32.ActiveCfg = Debug|x86
		{27B6710C-137A-4886-83A5-659F957049A0}.Debug|Win32.Build.0 = Debug|x86
		{27B6710C-137A-4886-83A5-659F957049A0}.Debug|x64.ActiveCfg = Debug|x86
		{27B6710C-137A-4886-83A5-659F957049A0}.MinSizeRel|Win32.ActiveCfg = Release|x86
		{27B6710C-137A-4886-83A5-659F957049A0}.MinSizeRel|Win32.Build.0 = Release|x86
		{27B6710C-137A-4886-83A5-659F957049A0}.MinSizeRel|x64.ActiveCfg = Release|x86
		{27B6710C-137A-4886-83A5-659F957049A0}.MinSizeRel|x64.Build.0 = Release|x86
		{27B6710C-137A-4886-83A5-659F957049A0}.Release|Win32.ActiveCfg = Release|x86
		{27B6710C-137A-4886-83A5-659F957049A0}.Release|Win32.Build.0 = Release|x86
		{27B6710C-137A-4886-83A5-659F957049A0}.Release|x64.ActiveCfg = Release|x86
		{27B6710C-137A-4886-83A5-659F957049A0}.RelWithDebInfo|Win32.ActiveCfg = Release|x86
		{27B6710C-137A-4886-83A5-659F957049A0}.RelWithDebInfo|Win32.Build.0 = Release|x86
		{27B6710C-137A-4886-83A5-659F957049A0}.RelWithDebInfo|x64.ActiveCfg = Release|x86
		{27B6710C-137A-4886-83A5-659F957049A0}.RelWithDebInfo|x64.Build.0 = Release|x86
		{A330EFF6-5DED-4FA2-8C2A-5EDA599D1AF4}.Debug|Win32.ActiveCfg = Debug|Win32
		{A330EFF6-5DED-4FA2-8C2A-5EDA599D1AF4}.Debug|Win32.Build.0 = Debug|Win32
		{A330EFF6-5DED-4FA2-8C2A-5EDA599D1AF4}.Debug|x64.ActiveCfg = Debug|x64
		{A330EFF6-5DED-4FA2-8C2A-5EDA599D1AF4}.Debug|x64.Build.0 = Debug|x64
		{A330EFF6-5DED-4FA2-8C2A-5EDA599D1AF4}.MinSizeRel|Win32.ActiveCfg = Release|Win32
		{A330EFF6-5DED-4FA2-8C2A-5EDA599D1AF4}.MinSizeRel|Win32.Build.0 = Release|Win32
		{A330EFF6-5DED-4FA2-8C2A-5EDA599D1AF4}.MinSizeRel|x64.ActiveCfg = Release|x64
		{A330EFF6-5DED-4FA2-8C2A-5EDA599D1AF4}.MinSizeRel|x64.Build.0 = Release|x64
		{A330EFF6-5DED-4FA2-8C2A-5EDA599D1AF4}.Release|Win32.ActiveCfg = Release|Win32
		{A330EFF6-5DED-4FA2-8C2A-5EDA599D1AF4}.Release|Win32.Build.0 = Release|Win32
		{A330EFF6-5DED-4FA2-8C2A-5EDA599D1AF4}.Release|x64.ActiveCfg = Release|x64
		{A330EFF6-5DED-4FA2-8C2A-5EDA599D1AF4}.Release|x64.Build.0 = Release|x64
		{A330EFF6-5DED-4FA2-8C2A-5EDA599D1AF4}.RelWithDebInfo|Win32.ActiveCfg = Release|Win32
		{A330EFF6-5DED-4FA2-8C2A-5EDA599D1AF4}.RelWithDebInfo|Win32.Build.0 = Release|Win32
		{A330EFF6-5DED-4FA2-8C2A-5EDA599D1AF4}.RelWithDebInfo|x64.ActiveCfg = Release|x64
		{A330EFF6-5DED-4FA2-8C2A-5EDA599D1AF4}.RelWithDebInfo|x64.Build.0 = Release|x64
		{A2E9B1FB-12C0-487F-B7ED-D3FDBFAA0C1B}.Debug|Win32.ActiveCfg = Debug|Win32
		{A2E9B1FB-12C0-487F-B7ED-D3FDBFAA0C1B}.Debug|Win32.Build.0 = Debug|Win32
		{A2E9B1FB-12C0-487F-B7ED-D3FDBFAA0C1B}.Debug|x64.ActiveCfg = Debug|Win32
		{A2E9B1FB-12C0-487F-B7ED-D3FDBFAA0C1B}.MinSizeRel|Win32.ActiveCfg = MinSizeRel|Win32
		{A2E9B1FB-12C0-487F-B7ED-D3FDBFAA0C1B}.MinSizeRel|Win32.Build.0 = MinSizeRel|Win32
		{A2E9B1FB-12C0-487F-B7ED-D3FDBFAA0C1B}.MinSizeRel|x64.ActiveCfg = MinSizeRel|Win32
		{A2E9B1FB-12C0-487F-B7ED-D3FDBFAA0C1B}.Release|Win32.ActiveCfg = Release|Win32
		{A2E9B1FB-12C0-487F-B7ED-D3FDBFAA0C1B}.Release|Win32.Build.0 = Release|Win32
		{A2E9B1FB-12C0-487F-B7ED-D3FDBFAA0C1B}.Release|x64.ActiveCfg = Release|Win32
		{A2E9B1FB-12C0-487F-B7ED-D3FDBFAA0C1B}.RelWithDebInfo|Win32.ActiveCfg = RelWithDebInfo|Win32
		{A2E9B1FB-12C0-487F-B7ED-D3FDBFAA0C1B}.RelWithDebInfo|Win32.Build.0 = RelWithDebInfo|Win32
		{A2E9B1FB-12C0-487F-B7ED-D3FDBFAA0C1B}.RelWithDebInfo|x64.ActiveCfg = RelWithDebInfo|Win32
		{9E3882AD-1BE9-4F1D-8A29-9255DCDE0420}.Debug|Win32.ActiveCfg = Debug|Win32
		{9E3882AD-1BE9-4F1D-8A29-9255DCDE0420}.Debug|Win32.Build.0 = Debug|Win32
		{9E3882AD-1BE9-4F1D-8A29-9255DCDE0420}.Debug|x64.ActiveCfg = Debug|Win32
		{9E3882AD-1BE9-4F1D-8A29-9255DCDE0420}.MinSizeRel|Win32.ActiveCfg = MinSizeRel|Win32
		{9E3882AD-1BE9-4F1D-8A29-9255DCDE0420}.MinSizeRel|Win32.Build.0 = MinSizeRel|Win32
		{9E3882AD-1BE9-4F1D-8A29-9255DCDE0420}.MinSizeRel|x64.ActiveCfg = MinSizeRel|Win32
		{9E3882AD-1BE9-4F1D-8A29-9255DCDE0420}.Release|Win32.ActiveCfg = Release|Win32
		{9E3882AD-1BE9-4F1D-8A29-9255DCDE0420}.Release|Win32.Build.0 = Release|Win32
		{9E3882AD-1BE9-4F1D-8A29-9255DCDE0420}.Release|x64.ActiveCfg = Release|Win32
		{9E3882AD-1BE9-4F1D-8A29-9255DCDE0420}.RelWithDebInfo|Win32.ActiveCfg = RelWithDebInfo|Win32
		{9E3882AD-1BE9-4F1D-8A29-9255DCDE0420}.RelWithDebInfo|Win32.Build.0 = RelWithDebInfo|Win32
		{9E3882AD-1BE9-4F1D-8A29-9255DCDE0420}.RelWithDebInfo|x64.ActiveCfg = RelWithDebInfo|Win32
		{A1A6B3DC-54B6-4AEF-AF6E-00FBAF75ABCE}.Debug|Win32.ActiveCfg = Debug|Win32
		{A1A6B3DC-54B6-4AEF-AF6E-00FBAF75ABCE}.Debug|Win32.Build.0 = Debug|Win32
		{A1A6B3DC-54B6-4AEF-AF6E-00FBAF75ABCE}.Debug|x64.ActiveCfg = Debug|Win32
		{A1A6B3DC-54B6-4AEF-AF6E-00FBAF75ABCE}.MinSizeRel|Win32.ActiveCfg = MinSizeRel|Win32
		{A1A6B3DC-54B6-4AEF-AF6E-00FBAF75ABCE}.MinSizeRel|Win32.Build.0 = MinSizeRel|Win32
		{A1A6B3DC-54B6-4AEF-AF6E-00FBAF75ABCE}.MinSizeRel|x64.ActiveCfg = MinSizeRel|Win32
		{A1A6B3DC-54B6-4AEF-AF6E-00FBAF75ABCE}.Release|Win32.ActiveCfg = Release|Win32
		{A1A6B3DC-54B6-4AEF-AF6E-00FBAF75ABCE}.Release|Win32.Build.0 = Release|Win32
		{A1A6B3DC-54B6-4AEF-AF6E-00FBAF75ABCE}.Release|x64.ActiveCfg = Release|Win32
		{A1A6B3DC-54B6-4AEF-AF6E-00FBAF75ABCE}.RelWithDebInfo|Win32.ActiveCfg = RelWithDebInfo|Win32
		{A1A6B3DC-54B6-4AEF-AF6E-00FBAF75ABCE}.RelWithDebInfo|Win32.Build.0 = RelWithDebInfo|Win32
		{A1A6B3DC-54B6-4AEF-AF6E-00FBAF75ABCE}.RelWithDebInfo|x64.ActiveCfg = RelWithDebInfo|Win32
		{F07B5211-BE78-4DD9-A4C1-9F28E786895F}.Debug|Win32.ActiveCfg = Debug|Win32
		{F07B5211-BE78-4DD9-A4C1-9F28E786895F}.Debug|Win32.Build.0 = Debug|Win32
		{F07B5211-BE78-4DD9-A4C1-9F28E786895F}.Debug|x64.ActiveCfg = Debug|Win32
		{F07B5211-BE78-4DD9-A4C1-9F28E786895F}.MinSizeRel|Win32.ActiveCfg = MinSizeRel|Win32
		{F07B5211-BE78-4DD9-A4C1-9F28E786895F}.MinSizeRel|Win32.Build.0 = MinSizeRel|Win32
		{F07B5211-BE78-4DD9-A4C1-9F28E786895F}.MinSizeRel|x64.ActiveCfg = MinSizeRel|Win32
		{F07B5211-BE78-4DD9-A4C1-9F28E786895F}.Release|Win32.ActiveCfg = Release|Win32
		{F07B5211-BE78-4DD9-A4C1-9F28E786895F}.Release|Win32.Build.0 = Release|Win32
		{F07B5211-BE78-4DD9-A4C1-9F28E786895F}.Release|x64.ActiveCfg = Release|Win32
		{F07B5211-BE78-4DD9-A4C1-9F28E786895F}.RelWithDebInfo|Win32.ActiveCfg = RelWithDebInfo|Win32
		{F07B5211-BE78-4DD9-A4C1-9F28E786895F}.RelWithDebInfo|Win32.Build.0 = RelWithDebInfo|Win32
		{F07B5211-BE78-4DD9-A4C1-9F28E786895F}.RelWithDebInfo|x64.ActiveCfg = RelWithDebInfo|Win32
		{64EF834B-1A4E-4E0E-9C96-1004B5A729C2}.Debug|Win32.ActiveCfg = Debug|Win32
		{64EF834B-1A4E-4E0E-9C96-1004B5A729C2}.Debug|Win32.Build.0 = Debug|Win32
		{64EF834B-1A4E-4E0E-9C96-1004B5A729C2}.Debug|x64.ActiveCfg = Debug|Win32
		{64EF834B-1A4E-4E0E-9C96-1004B5A729C2}.MinSizeRel|Win32.ActiveCfg = MinSizeRel|Win32
		{64EF834B-1A4E-4E0E-9C96-1004B5A729C2}.MinSizeRel|Win32.Build.0 = MinSizeRel|Win32
		{64EF834B-1A4E-4E0E-9C96-1004B5A729C2}.MinSizeRel|x64.ActiveCfg = MinSizeRel|Win32
		{64EF834B-1A4E-4E0E-9C96-1004B5A729C2}.Release|Win32.ActiveCfg = Release|Win32
		{64EF834B-1A4E-4E0E-9C96-1004B5A729C2}.Release|Win32.Build.0 = Release|Win32
		{64EF834B-1A4E-4E0E-9C96-1004B5A729C2}.Release|x64.ActiveCfg = Release|Win32
		{64EF834B-1A4E-4E0E-9C96-1004B5A729C2}.RelWithDebInfo|Win32.ActiveCfg = RelWithDebInfo|Win32
		{64EF834B-1A4E-4E0E-9C96-1004B5A729C2}.RelWithDebInfo|Win32.Build.0 = RelWithDebInfo|Win32
		{64EF834B-1A4E-4E0E-9C96-1004B5A729C2}.RelWithDebInfo|x64.ActiveCfg = RelWithDebInfo|Win32
		{3C28B950-51BE-4865-A20C-1D3324DE354A}.Debug|Win32.ActiveCfg = Debug|Win32
		{3C28B950-51BE-4865-A20C-1D3324DE354A}.Debug|Win32.Build.0 = Debug|Win32
		{3C28B950-51BE-4865-A20C-1D3324DE354A}.Debug|x64.ActiveCfg = Debug|Win32
		{3C28B950-51BE-4865-A20C-1D3324DE354A}.MinSizeRel|Win32.ActiveCfg = MinSizeRel|Win32
		{3C28B950-51BE-4865-A20C-1D3324DE354A}.MinSizeRel|Win32.Build.0 = MinSizeRel|Win32
		{3C28B950-51BE-4865-A20C-1D3324DE354A}.MinSizeRel|x64.ActiveCfg = MinSizeRel|Win32
		{3C28B950-51BE-4865-A20C-1D3324DE354A}.Release|Win32.ActiveCfg = Release|Win32
		{3C28B950-51BE-4865-A20C-1D3324DE354A}.Release|Win32.Build.0 = Release|Win32
		{3C28B950-51BE-4865-A20C-1D3324DE354A}.Release|x64.ActiveCfg = Release|Win32
		{3C28B950-51BE-4865-A20C-1D3324DE354A}.RelWithDebInfo|Win32.ActiveCfg = RelWithDebInfo|Win32
		{3C28B950-51BE-4865-A20C-1D3324DE354A}.RelWithDebInfo|Win32.Build.0 = RelWithDebInfo|Win32
		{3C28B950-51BE-4865-A20C-1D3324DE354A}.RelWithDebInfo|x64.ActiveCfg = RelWithDebInfo|Win32
		{1DC265F4-6E79-496B-8253-CBC20ABE817D}.Debug|Win32.ActiveCfg = Debug|Win32
		{1DC265F4-6E79-496B-8253-CBC20ABE817D}.Debug|Win32.Build.0 = Debug|Win32
		{1DC265F4-6E79-496B-8253-CBC20ABE817D}.Debug|x64.ActiveCfg = Debug|Win32
		{1DC265F4-6E79-496B-8253-CBC20ABE817D}.MinSizeRel|Win32.ActiveCfg = MinSizeRel|Win32
		{1DC265F4-6E79-496B-8253-CBC20ABE817D}.MinSizeRel|Win32.Build.0 = MinSizeRel|Win32
		{1DC265F4-6E79-496B-8253-CBC20ABE817D}.MinSizeRel|x64.ActiveCfg = MinSizeRel|Win32
		{1DC265F4-6E79-496B-8253-CBC20ABE817D}.Release|Win32.ActiveCfg = Release|Win32
		{1DC265F4-6E79-496B-8253-CBC20ABE817D}.Release|Win32.Build.0 = Release|Win32
		{1DC265F4-6E79-496B-8253-CBC20ABE817D}.Release|x64.ActiveCfg = Release|Win32
		{1DC265F4-6E79-496B-8253-CBC20ABE817D}.RelWithDebInfo|Win32.ActiveCfg = RelWithDebInfo|Win32
		{1DC265F4-6E79-496B-8253-CBC20ABE817D}.RelWithDebInfo|Win32.Build.0 = RelWithDebInfo|Win32
		{1DC265F4-6E79-496B-8253-CBC20ABE817D}.RelWithDebInfo|x64.ActiveCfg = RelWithDebInfo|Win32
		{E7215EFB-ED08-41C6-8D93-32F22BC0F3FD}.Debug|Win32.ActiveCfg = Debug|Win32
		{E7215EFB-ED08-41C6-8D93-32F22BC0F3FD}.Debug|Win32.Build.0 = Debug|Win32
		{E7215EFB-ED08-41C6-8D93-32F22BC0F3FD}.Debug|x64.ActiveCfg = Debug|Win32
		{E7215EFB-ED08-41C6-8D93-32F22BC0F3FD}.MinSizeRel|Win32.ActiveCfg = MinSizeRel|Win32
		{E7215EFB-ED08-41C6-8D93-32F22BC0F3FD}.MinSizeRel|Win32.Build.0 = MinSizeRel|Win32
		{E7215EFB-ED08-41C6-8D93-32F22BC0F3FD}.MinSizeRel|x64.ActiveCfg = MinSizeRel|Win32
		{E7215EFB-ED08-41C6-8D93-32F22BC0F3FD}.Release|Win32.ActiveCfg = Release|Win32
		{E7215EFB-ED08-41C6-8D93-32F22BC0F3FD}.Release|Win32.Build.0 = Release|Win32
		{E7215EFB-ED08-41C6-8D93-32F22BC0F3FD}.Release|x64.ActiveCfg = Release|Win32
		{E7215EFB-ED08-41C6-8D93-32F22BC0F3FD}.RelWithDebInfo|Win32.ActiveCfg = RelWithDebInfo|Win32
		{E7215EFB-ED08-41C6-8D93-32F22BC0F3FD}.RelWithDebInfo|Win32.Build.0 = RelWithDebInfo|Win32
		{E7215EFB-ED08-41C6-8D93-32F22BC0F3FD}.RelWithDebInfo|x64.ActiveCfg = RelWithDebInfo|Win32
		{163E68EE-66E2-4E96-AF00-0CD8DB24F512}.Debug|Win32.ActiveCfg = Debug|Win32
		{163E68EE-66E2-4E96-AF00-0CD8DB24F512}.Debug|Win32.Build.0 = Debug|Win32
		{163E68EE-66E2-4E96-AF00-0CD8DB24F512}.Debug|x64.ActiveCfg = Debug|Win32
		{163E68EE-66E2-4E96-AF00-0CD8DB24F512}.MinSizeRel|Win32.ActiveCfg = MinSizeRel|Win32
		{163E68EE-66E2-4E96-AF00-0CD8DB24F512}.MinSizeRel|Win32.Build.0 = MinSizeRel|Win32
		{163E68EE-66E2-4E96-AF00-0CD8DB24F512}.MinSizeRel|x64.ActiveCfg = MinSizeRel|Win32
		{163E68EE-66E2-4E96-AF00-0CD8DB24F512}.Release|Win32.ActiveCfg = Release|Win32
		{163E68EE-66E2-4E96-AF00-0CD8DB24F512}.Release|Win32.Build.0 = Release|Win32
		{163E68EE-66E2-4E96-AF00-0CD8DB24F512}.Release|x64.ActiveCfg = Release|Win32
		{163E68EE-66E2-4E96-AF00-0CD8DB24F512}.RelWithDebInfo|Win32.ActiveCfg = RelWithDebInfo|Win32
		{163E68EE-66E2-4E96-AF00-0CD8DB24F512}.RelWithDebInfo|Win32.Build.0 = RelWithDebInfo|Win32
		{163E68EE-66E2-4E96-AF00-0CD8DB24F512}.RelWithDebInfo|x64.ActiveCfg = RelWithDebInfo|Win32
		{1D252C6A-2AB8-410B-BF59-2D8498BB10CF}.Debug|Win32.ActiveCfg = Debug|Win32
		{1D252C6A-2AB8-410B-BF59-2D8498BB10CF}.Debug|Win32.Build.0 = Debug|Win32
		{1D252C6A-2AB8-410B-BF59-2D8498BB10CF}.Debug|x64.ActiveCfg = Debug|Win32
		{1D252C6A-2AB8-410B-BF59-2D8498BB10CF}.MinSizeRel|Win32.ActiveCfg = MinSizeRel|Win32
		{1D252C6A-2AB8-410B-BF59-2D8498BB10CF}.MinSizeRel|Win32.Build.0 = MinSizeRel|Win32
		{1D252C6A-2AB8-410B-BF59-2D8498BB10CF}.MinSizeRel|x64.ActiveCfg = MinSizeRel|Win32
		{1D252C6A-2AB8-410B-BF59-2D8498BB10CF}.Release|Win32.ActiveCfg = Release|Win32
		{1D252C6A-2AB8-410B-BF59-2D8498BB10CF}.Release|Win32.Build.0 = Release|Win32
		{1D252C6A-2AB8-410B-BF59-2D8498BB10CF}.Release|x64.ActiveCfg = Release|Win32
		{1D252C6A-2AB8-410B-BF59-2D8498BB10CF}.RelWithDebInfo|Win32.ActiveCfg = RelWithDebInfo|Win32
		{1D252C6A-2AB8-410B-BF59-2D8498BB10CF}.RelWithDebInfo|Win32.Build.0 = RelWithDebInfo|Win32
		{1D252C6A-2AB8-410B-BF59-2D8498BB10CF}.RelWithDebInfo|x64.ActiveCfg = RelWithDebInfo|Win32
		{09BBBA10-2E27-436C-8988-5CE884766451}.Debug|Win32.ActiveCfg = Debug|Win32
		{09BBBA10-2E27-436C-8988-5CE884766451}.Debug|Win32.Build.0 = Debug|Win32
		{09BBBA10-2E27-436C-8988-5CE884766451}.Debug|x64.ActiveCfg = Debug|Win32
		{09BBBA10-2E27-436C-8988-5CE884766451}.MinSizeRel|Win32.ActiveCfg = MinSizeRel|Win32
		{09BBBA10-2E27-436C-8988-5CE884766451}.MinSizeRel|Win32.Build.0 = MinSizeRel|Win32
		{09BBBA10-2E27-436C-8988-5CE884766451}.MinSizeRel|x64.ActiveCfg = MinSizeRel|Win32
		{09BBBA10-2E27-436C-8988-5CE884766451}.Release|Win32.ActiveCfg = Release|Win32
		{09BBBA10-2E27-436C-8988-5CE884766451}.Release|Win32.Build.0 = Release|Win32
		{09BBBA10-2E27-436C-8988-5CE884766451}.Release|x64.ActiveCfg = Release|Win32
		{09BBBA10-2E27-436C-8988-5CE884766451}.RelWithDebInfo|Win32.ActiveCfg = RelWithDebInfo|Win32
		{09BBBA10-2E27-436C-8988-5CE884766451}.RelWithDebInfo|Win32.Build.0 = RelWithDebInfo|Win32
		{09BBBA10-2E27-436C-8988-5CE884766451}.RelWithDebInfo|x64.ActiveCfg = RelWithDebInfo|Win32
		{F060DA3C-808D-4728-A605-C4037095424F}.Debug|Win32.ActiveCfg = Debug|Win32
		{F060DA3C-808D-4728-A605-C4037095424F}.Debug|Win32.Build.0 = Debug|Win32
		{F060DA3C-808D-4728-A605-C4037095424F}.Debug|x64.ActiveCfg = Debug|Win32
		{F060DA3C-808D-4728-A605-C4037095424F}.MinSizeRel|Win32.ActiveCfg = MinSizeRel|Win32
		{F060DA3C-808D-4728-A605-C4037095424F}.MinSizeRel|Win32.Build.0 = MinSizeRel|Win32
		{F060DA3C-808D-4728-A605-C4037095424F}.MinSizeRel|x64.ActiveCfg = MinSizeRel|Win32
		{F060DA3C-808D-4728-A605-C4037095424F}.Release|Win32.ActiveCfg = Release|Win32
		{F060DA3C-808D-4728-A605-C4037095424F}.Release|Win32.Build.0 = Release|Win32
		{F060DA3C-808D-4728-A605-C4037095424F}.Release|x64.ActiveCfg = Release|Win32
		{F060DA3C-808D-4728-A605-C4037095424F}.RelWithDebInfo|Win32.ActiveCfg = RelWithDebInfo|Win32
		{F060DA3C-808D-4728-A605-C4037095424F}.RelWithDebInfo|Win32.Build.0 = RelWithDebInfo|Win32
		{F060DA3C-808D-4728-A605-C4037095424F}.RelWithDebInfo|x64.ActiveCfg = RelWithDebInfo|Win32
		{3CAB54D7-9502-49D2-94C0-E3D26A8994E1}.Debug|Win32.ActiveCfg = Debug|Win32
		{3CAB54D7-9502-49D2-94C0-E3D26A8994E1}.Debug|Win32.Build.0 = Debug|Win32
		{3CAB54D7-9502-49D2-94C0-E3D26A8994E1}.Debug|x64.ActiveCfg = Debug|Win32
		{3CAB54D7-9502-49D2-94C0-E3D26A8994E1}.MinSizeRel|Win32.ActiveCfg = MinSizeRel|Win32
		{3CAB54D7-9502-49D2-94C0-E3D26A8994E1}.MinSizeRel|Win32.Build.0 = MinSizeRel|Win32
		{3CAB54D7-9502-49D2-94C0-E3D26A8994E1}.MinSizeRel|x64.ActiveCfg = MinSizeRel|Win32
		{3CAB54D7-9502-49D2-94C0-E3D26A8994E1}.Release|Win32.ActiveCfg = Release|Win32
		{3CAB54D7-9502-49D2-94C0-E3D26A8994E1}.Release|Win32.Build.0 = Release|Win32
		{3CAB54D7-9502-49D2-94C0-E3D26A8994E1}.Release|x64.ActiveCfg = Release|Win32
		{3CAB54D7-9502-49D2-94C0-E3D26A8994E1}.RelWithDebInfo|Win32.ActiveCfg = RelWithDebInfo|Win32
		{3CAB54D7-9502-49D2-94C0-E3D26A8994E1}.RelWithDebInfo|Win32.Build.0 = RelWithDebInfo|Win32
		{3CAB54D7-9502-49D2-94C0-E3D26A8994E1}.RelWithDebInfo|x64.ActiveCfg = RelWithDebInfo|Win32
	EndGlobalSection
	GlobalSection(SolutionProperties) = preSolution
		HideSolutionNode = FALSE
	EndGlobalSection
EndGlobal
