<?xml version="1.0" encoding="utf-8"?>
<Project ToolsVersion="4.0" xmlns="http://schemas.microsoft.com/developer/msbuild/2003">
  <ItemGroup>
    <ClCompile Include="..\..\..\Source\Dependencies\lua\lapi.c" />
    <ClCompile Include="..\..\..\Source\Dependencies\lua\lauxlib.c" />
    <ClCompile Include="..\..\..\Source\Dependencies\lua\lbaselib.c" />
    <ClCompile Include="..\..\..\Source\Dependencies\lua\lcode.c" />
    <ClCompile Include="..\..\..\Source\Dependencies\lua\ldblib.c" />
    <ClCompile Include="..\..\..\Source\Dependencies\lua\ldebug.c" />
    <ClCompile Include="..\..\..\Source\Dependencies\lua\ldo.c" />
    <ClCompile Include="..\..\..\Source\Dependencies\lua\ldump.c" />
    <ClCompile Include="..\..\..\Source\Dependencies\lua\lfunc.c" />
    <ClCompile Include="..\..\..\Source\Dependencies\lua\lgc.c" />
    <ClCompile Include="..\..\..\Source\Dependencies\lua\linit.c" />
    <ClCompile Include="..\..\..\Source\Dependencies\lua\liolib.c" />
    <ClCompile Include="..\..\..\Source\Dependencies\lua\llex.c" />
    <ClCompile Include="..\..\..\Source\Dependencies\lua\lmathlib.c" />
    <ClCompile Include="..\..\..\Source\Dependencies\lua\lmem.c" />
    <ClCompile Include="..\..\..\Source\Dependencies\lua\loadlib.c" />
    <ClCompile Include="..\..\..\Source\Dependencies\lua\lobject.c" />
    <ClCompile Include="..\..\..\Source\Dependencies\lua\lopcodes.c" />
    <ClCompile Include="..\..\..\Source\Dependencies\lua\loslib.c" />
    <ClCompile Include="..\..\..\Source\Dependencies\lua\lparser.c" />
    <ClCompile Include="..\..\..\Source\Dependencies\lua\lstate.c" />
    <ClCompile Include="..\..\..\Source\Dependencies\lua\lstring.c" />
    <ClCompile Include="..\..\..\Source\Dependencies\lua\lstrlib.c" />
    <ClCompile Include="..\..\..\Source\Dependencies\lua\ltable.c" />
    <ClCompile Include="..\..\..\Source\Dependencies\lua\ltablib.c" />
    <ClCompile Include="..\..\..\Source\Dependencies\lua\ltm.c" />
    <ClCompile Include="..\..\..\Source\Dependencies\lua\lundump.c" />
    <ClCompile Include="..\..\..\Source\Dependencies\lua\lvm.c" />
    <ClCompile Include="..\..\..\Source\Dependencies\lua\lzio.c" />
  </ItemGroup>
  <ItemGroup>
    <ClInclude Include="..\..\..\Source\Dependencies\lua\lapi.h" />
    <ClInclude Include="..\..\..\Source\Dependencies\lua\lauxlib.h" />
    <ClInclude Include="..\..\..\Source\Dependencies\lua\lcode.h" />
    <ClInclude Include="..\..\..\Source\Dependencies\lua\ldebug.h" />
    <ClInclude Include="..\..\..\Source\Dependencies\lua\ldo.h" />
    <ClInclude Include="..\..\..\Source\Dependencies\lua\lfunc.h" />
    <ClInclude Include="..\..\..\Source\Dependencies\lua\lgc.h" />
    <ClInclude Include="..\..\..\Source\Dependencies\lua\llex.h" />
    <ClInclude Include="..\..\..\Source\Dependencies\lua\llimits.h" />
    <ClInclude Include="..\..\..\Source\Dependencies\lua\lmem.h" />
    <ClInclude Include="..\..\..\Source\Dependencies\lua\lobject.h" />
    <ClInclude Include="..\..\..\Source\Dependencies\lua\lopcodes.h" />
    <ClInclude Include="..\..\..\Source\Dependencies\lua\lparser.h" />
    <ClInclude Include="..\..\..\Source\Dependencies\lua\lstate.h" />
    <ClInclude Include="..\..\..\Source\Dependencies\lua\lstring.h" />
    <ClInclude Include="..\..\..\Source\Dependencies\lua\ltable.h" />
    <ClInclude Include="..\..\..\Source\Dependencies\lua\ltm.h" />
    <ClInclude Include="..\..\..\Source\Dependencies\lua\lua.h" />
    <ClInclude Include="..\..\..\Source\Dependencies\lua\luaconf.h" />
    <ClInclude Include="..\..\..\Source\Dependencies\lua\lualib.h" />
    <ClInclude Include="..\..\..\Source\Dependencies\lua\lundump.h" />
    <ClInclude Include="..\..\..\Source\Dependencies\lua\lvm.h" />
    <ClInclude Include="..\..\..\Source\Dependencies\lua\lzio.h" />
  </ItemGroup>
</Project>