<?xml version="1.0" encoding="utf-8"?>
<Project ToolsVersion="4.0" xmlns="http://schemas.microsoft.com/developer/msbuild/2003">
  <ItemGroup>
    <ClCompile Include="..\..\..\Source\Player\Application.cpp" />
    <ClCompile Include="..\..\..\Source\Player\Precompiled.cpp" />
    <ClCompile Include="jni\app-android.cpp" />
    <ClCompile Include="jni\demo.cpp" />
    <ClCompile Include="jni\importgl.cpp" />
  </ItemGroup>
  <ItemGroup>
    <ClInclude Include="..\..\..\Source\Player\Application.h" />
    <ClInclude Include="jni\importgl.h" />
    <ClInclude Include="jni\pch.h" />
    <ClInclude Include="..\..\..\Source\Player\PreCompiled.h" />
  </ItemGroup>
</Project>