
Microsoft Visual Studio Solution File, Format Version 12.00
# Visual Studio 15
VisualStudioVersion = 15.0.27130.2020
MinimumVisualStudioVersion = 10.0.40219.1
Project("{39E2626F-3545-4960-A6E8-258AD8476CE5}") = "AndroidPlayer", "AndroidPlayer\AndroidPlayer.androidproj", "{9E97970F-2DA4-46E5-A527-27B5DC4C5489}"
EndProject
Project("{8BC9CEB8-8B4A-11D0-8D11-00A0C91BC942}") = "AndroidPlayerLibrary", "AndroidPlayerLibrary\AndroidPlayerLibrary.vcxproj", "{6D05E78C-F5D9-4F77-9951-EB0B1B5582C5}"
	ProjectSection(ProjectDependencies) = postProject
		{0544C210-7C17-4109-909B-255F4BE3EAF2} = {0544C210-7C17-4109-909B-255F4BE3EAF2}
		{20292319-7001-4721-B279-B967AE1AD521} = {20292319-7001-4721-B279-B967AE1AD521}
		{33591820-91CC-4A98-B325-9D1EA7A13154} = {33591820-91CC-4A98-B325-9D1EA7A13154}
		{BF775122-E281-4522-914A-14903B2B3436} = {BF775122-E281-4522-914A-14903B2B3436}
		{C2B44A48-7789-4B17-9C32-453D4AC7B10D} = {C2B44A48-7789-4B17-9C32-453D4AC7B10D}
		{60302F55-0008-46AE-9ABD-1073C46645B6} = {60302F55-0008-46AE-9ABD-1073C46645B6}
		{7A688473-85A4-4680-8F71-6E691A024304} = {7A688473-85A4-4680-8F71-6E691A024304}
		{A3128374-FC1E-4D94-A5F8-1B1FB2F7D889} = {A3128374-FC1E-4D94-A5F8-1B1FB2F7D889}
		{B1F9247E-5BDA-4A7F-880A-95F765826180} = {B1F9247E-5BDA-4A7F-880A-95F765826180}
		{0083469F-EFBC-45A3-97AE-C2A4C67A800B} = {0083469F-EFBC-45A3-97AE-C2A4C67A800B}
		{AB048D9F-65DC-4B68-A692-0D47C6C668B0} = {AB048D9F-65DC-4B68-A692-0D47C6C668B0}
		{D76235B3-7749-4877-B3D8-BDC0AC852779} = {D76235B3-7749-4877-B3D8-BDC0AC852779}
		{1F4BC7B4-BBED-44D1-B5A1-BB552F39D9D3} = {1F4BC7B4-BBED-44D1-B5A1-BB552F39D9D3}
		{233558B9-D599-44BB-9E4E-6F676F0BD07F} = {233558B9-D599-44BB-9E4E-6F676F0BD07F}
		{84D8F5BF-BFFF-4966-9874-C7D47F1892FB} = {84D8F5BF-BFFF-4966-9874-C7D47F1892FB}
		{DD9727C3-9EFC-4848-9295-3A5FCEE5EDA6} = {DD9727C3-9EFC-4848-9295-3A5FCEE5EDA6}
		{2B101BC5-B22B-4431-B8C4-5DB37469115C} = {2B101BC5-B22B-4431-B8C4-5DB37469115C}
		{518E6ACC-5917-4219-B55B-D2F049209BFC} = {518E6ACC-5917-4219-B55B-D2F049209BFC}
		{5E7AC5D9-265F-4248-9C1A-B8A4A253E5E4} = {5E7AC5D9-265F-4248-9C1A-B8A4A253E5E4}
	EndProjectSection
EndProject
Project("{8BC9CEB8-8B4A-11D0-8D11-00A0C91BC942}") = "BlueshiftEngine", "BlueshiftEngine\BlueshiftEngine.vcxproj", "{518E6ACC-5917-4219-B55B-D2F049209BFC}"
EndProject
Project("{8BC9CEB8-8B4A-11D0-8D11-00A0C91BC942}") = "Bullet", "Bullet\Bullet.vcxproj", "{7A688473-85A4-4680-8F71-6E691A024304}"
EndProject
Project("{8BC9CEB8-8B4A-11D0-8D11-00A0C91BC942}") = "Etc2CompLib", "Etc2CompLib\Etc2CompLib.vcxproj", "{D76235B3-7749-4877-B3D8-BDC0AC852779}"
EndProject
Project("{8BC9CEB8-8B4A-11D0-8D11-00A0C91BC942}") = "etcpack_lib", "etcpack_lib\etcpack_lib.vcxproj", "{1F4BC7B4-BBED-44D1-B5A1-BB552F39D9D3}"
EndProject
Project("{8BC9CEB8-8B4A-11D0-8D11-00A0C91BC942}") = "freetype", "freetype\freetype.vcxproj", "{A3128374-FC1E-4D94-A5F8-1B1FB2F7D889}"
EndProject
Project("{8BC9CEB8-8B4A-11D0-8D11-00A0C91BC942}") = "HACD", "HACD\HACD.vcxproj", "{233558B9-D599-44BB-9E4E-6F676F0BD07F}"
EndProject
Project("{8BC9CEB8-8B4A-11D0-8D11-00A0C91BC942}") = "jsoncpp", "jsoncpp\jsoncpp.vcxproj", "{60302F55-0008-46AE-9ABD-1073C46645B6}"
EndProject
Project("{8BC9CEB8-8B4A-11D0-8D11-00A0C91BC942}") = "libjpeg", "libjpeg\libjpeg.vcxproj", "{0083469F-EFBC-45A3-97AE-C2A4C67A800B}"
EndProject
Project("{8BC9CEB8-8B4A-11D0-8D11-00A0C91BC942}") = "libogg", "libogg\libogg.vcxproj", "{C2B44A48-7789-4B17-9C32-453D4AC7B10D}"
EndProject
Project("{8BC9CEB8-8B4A-11D0-8D11-00A0C91BC942}") = "libpng", "libpng\libpng.vcxproj", "{0544C210-7C17-4109-909B-255F4BE3EAF2}"
EndProject
Project("{8BC9CEB8-8B4A-11D0-8D11-00A0C91BC942}") = "libpvrt", "libpvrt\libpvrt.vcxproj", "{DD9727C3-9EFC-4848-9295-3A5FCEE5EDA6}"
EndProject
Project("{8BC9CEB8-8B4A-11D0-8D11-00A0C91BC942}") = "libvorbis", "libvorbis\libvorbis.vcxproj", "{84D8F5BF-BFFF-4966-9874-C7D47F1892FB}"
EndProject
Project("{8BC9CEB8-8B4A-11D0-8D11-00A0C91BC942}") = "lua", "lua\lua.vcxproj", "{2B101BC5-B22B-4431-B8C4-5DB37469115C}"
EndProject
Project("{8BC9CEB8-8B4A-11D0-8D11-00A0C91BC942}") = "LuaCpp", "LuaCpp\LuaCpp.vcxproj", "{5E7AC5D9-265F-4248-9C1A-B8A4A253E5E4}"
EndProject
Project("{8BC9CEB8-8B4A-11D0-8D11-00A0C91BC942}") = "luasocket", "luasocket\luasocket.vcxproj", "{B1F9247E-5BDA-4A7F-880A-95F765826180}"
EndProject
Project("{8BC9CEB8-8B4A-11D0-8D11-00A0C91BC942}") = "minizip", "minizip\minizip.vcxproj", "{20292319-7001-4721-B279-B967AE1AD521}"
EndProject
Project("{8BC9CEB8-8B4A-11D0-8D11-00A0C91BC942}") = "nvidia", "nvidia\nvidia.vcxproj", "{AB048D9F-65DC-4B68-A692-0D47C6C668B0}"
EndProject
Project("{8BC9CEB8-8B4A-11D0-8D11-00A0C91BC942}") = "NvTriStrip", "NvTriStrip\NvTriStrip.vcxproj", "{BF775122-E281-4522-914A-14903B2B3436}"
EndProject
Project("{8BC9CEB8-8B4A-11D0-8D11-00A0C91BC942}") = "zlib", "zlib\zlib.vcxproj", "{33591820-91CC-4A98-B325-9D1EA7A13154}"
EndProject
Global
	GlobalSection(SolutionConfigurationPlatforms) = preSolution
		Debug|ARM = Debug|ARM
		Debug|ARM64 = Debug|ARM64
		Debug|x64 = Debug|x64
		Debug|x86 = Debug|x86
		Release|ARM = Release|ARM
		Release|ARM64 = Release|ARM64
		Release|x64 = Release|x64
		Release|x86 = Release|x86
	EndGlobalSection
	GlobalSection(ProjectConfigurationPlatforms) = postSolution
		{9E97970F-2DA4-46E5-A527-27B5DC4C5489}.Debug|ARM.ActiveCfg = Debug|ARM
		{9E97970F-2DA4-46E5-A527-27B5DC4C5489}.Debug|ARM.Build.0 = Debug|ARM
		{9E97970F-2DA4-46E5-A527-27B5DC4C5489}.Debug|ARM.Deploy.0 = Debug|ARM
		{9E97970F-2DA4-46E5-A527-27B5DC4C5489}.Debug|ARM64.ActiveCfg = Debug|ARM64
		{9E97970F-2DA4-46E5-A527-27B5DC4C5489}.Debug|ARM64.Build.0 = Debug|ARM64
		{9E97970F-2DA4-46E5-A527-27B5DC4C5489}.Debug|ARM64.Deploy.0 = Debug|ARM64
		{9E97970F-2DA4-46E5-A527-27B5DC4C5489}.Debug|x64.ActiveCfg = Debug|x64
		{9E97970F-2DA4-46E5-A527-27B5DC4C5489}.Debug|x64.Build.0 = Debug|x64
		{9E97970F-2DA4-46E5-A527-27B5DC4C5489}.Debug|x64.Deploy.0 = Debug|x64
		{9E97970F-2DA4-46E5-A527-27B5DC4C5489}.Debug|x86.ActiveCfg = Debug|x86
		{9E97970F-2DA4-46E5-A527-27B5DC4C5489}.Debug|x86.Build.0 = Debug|x86
		{9E97970F-2DA4-46E5-A527-27B5DC4C5489}.Debug|x86.Deploy.0 = Debug|x86
		{9E97970F-2DA4-46E5-A527-27B5DC4C5489}.Release|ARM.ActiveCfg = Release|ARM
		{9E97970F-2DA4-46E5-A527-27B5DC4C5489}.Release|ARM.Build.0 = Release|ARM
		{9E97970F-2DA4-46E5-A527-27B5DC4C5489}.Release|ARM.Deploy.0 = Release|ARM
		{9E97970F-2DA4-46E5-A527-27B5DC4C5489}.Release|ARM64.ActiveCfg = Release|ARM64
		{9E97970F-2DA4-46E5-A527-27B5DC4C5489}.Release|ARM64.Build.0 = Release|ARM64
		{9E97970F-2DA4-46E5-A527-27B5DC4C5489}.Release|ARM64.Deploy.0 = Release|ARM64
		{9E97970F-2DA4-46E5-A527-27B5DC4C5489}.Release|x64.ActiveCfg = Release|x64
		{9E97970F-2DA4-46E5-A527-27B5DC4C5489}.Release|x64.Build.0 = Release|x64
		{9E97970F-2DA4-46E5-A527-27B5DC4C5489}.Release|x64.Deploy.0 = Release|x64
		{9E97970F-2DA4-46E5-A527-27B5DC4C5489}.Release|x86.ActiveCfg = Release|x86
		{9E97970F-2DA4-46E5-A527-27B5DC4C5489}.Release|x86.Build.0 = Release|x86
		{9E97970F-2DA4-46E5-A527-27B5DC4C5489}.Release|x86.Deploy.0 = Release|x86
		{6D05E78C-F5D9-4F77-9951-EB0B1B5582C5}.Debug|ARM.ActiveCfg = Debug|ARM
		{6D05E78C-F5D9-4F77-9951-EB0B1B5582C5}.Debug|ARM.Build.0 = Debug|ARM
		{6D05E78C-F5D9-4F77-9951-EB0B1B5582C5}.Debug|ARM64.ActiveCfg = Debug|ARM64
		{6D05E78C-F5D9-4F77-9951-EB0B1B5582C5}.Debug|ARM64.Build.0 = Debug|ARM64
		{6D05E78C-F5D9-4F77-9951-EB0B1B5582C5}.Debug|x64.ActiveCfg = Debug|x64
		{6D05E78C-F5D9-4F77-9951-EB0B1B5582C5}.Debug|x64.Build.0 = Debug|x64
		{6D05E78C-F5D9-4F77-9951-EB0B1B5582C5}.Debug|x86.ActiveCfg = Debug|x86
		{6D05E78C-F5D9-4F77-9951-EB0B1B5582C5}.Debug|x86.Build.0 = Debug|x86
		{6D05E78C-F5D9-4F77-9951-EB0B1B5582C5}.Release|ARM.ActiveCfg = Release|ARM
		{6D05E78C-F5D9-4F77-9951-EB0B1B5582C5}.Release|ARM.Build.0 = Release|ARM
		{6D05E78C-F5D9-4F77-9951-EB0B1B5582C5}.Release|ARM64.ActiveCfg = Release|ARM64
		{6D05E78C-F5D9-4F77-9951-EB0B1B5582C5}.Release|ARM64.Build.0 = Release|ARM64
		{6D05E78C-F5D9-4F77-9951-EB0B1B5582C5}.Release|x64.ActiveCfg = Release|x64
		{6D05E78C-F5D9-4F77-9951-EB0B1B5582C5}.Release|x64.Build.0 = Release|x64
		{6D05E78C-F5D9-4F77-9951-EB0B1B5582C5}.Release|x86.ActiveCfg = Release|x86
		{6D05E78C-F5D9-4F77-9951-EB0B1B5582C5}.Release|x86.Build.0 = Release|x86
		{518E6ACC-5917-4219-B55B-D2F049209BFC}.Debug|ARM.ActiveCfg = Debug|ARM
		{518E6ACC-5917-4219-B55B-D2F049209BFC}.Debug|ARM.Build.0 = Debug|ARM
		{518E6ACC-5917-4219-B55B-D2F049209BFC}.Debug|ARM64.ActiveCfg = Debug|ARM64
		{518E6ACC-5917-4219-B55B-D2F049209BFC}.Debug|ARM64.Build.0 = Debug|ARM64
		{518E6ACC-5917-4219-B55B-D2F049209BFC}.Debug|x64.ActiveCfg = Debug|x64
		{518E6ACC-5917-4219-B55B-D2F049209BFC}.Debug|x64.Build.0 = Debug|x64
		{518E6ACC-5917-4219-B55B-D2F049209BFC}.Debug|x86.ActiveCfg = Debug|x86
		{518E6ACC-5917-4219-B55B-D2F049209BFC}.Debug|x86.Build.0 = Debug|x86
		{518E6ACC-5917-4219-B55B-D2F049209BFC}.Release|ARM.ActiveCfg = Release|ARM
		{518E6ACC-5917-4219-B55B-D2F049209BFC}.Release|ARM.Build.0 = Release|ARM
		{518E6ACC-5917-4219-B55B-D2F049209BFC}.Release|ARM64.ActiveCfg = Release|ARM64
		{518E6ACC-5917-4219-B55B-D2F049209BFC}.Release|ARM64.Build.0 = Release|ARM64
		{518E6ACC-5917-4219-B55B-D2F049209BFC}.Release|x64.ActiveCfg = Release|x64
		{518E6ACC-5917-4219-B55B-D2F049209BFC}.Release|x64.Build.0 = Release|x64
		{518E6ACC-5917-4219-B55B-D2F049209BFC}.Release|x86.ActiveCfg = Release|x86
		{518E6ACC-5917-4219-B55B-D2F049209BFC}.Release|x86.Build.0 = Release|x86
		{7A688473-85A4-4680-8F71-6E691A024304}.Debug|ARM.ActiveCfg = Debug|ARM
		{7A688473-85A4-4680-8F71-6E691A024304}.Debug|ARM.Build.0 = Debug|ARM
		{7A688473-85A4-4680-8F71-6E691A024304}.Debug|ARM64.ActiveCfg = Debug|x86
		{7A688473-85A4-4680-8F71-6E691A024304}.Debug|x64.ActiveCfg = Debug|x86
		{7A688473-85A4-4680-8F71-6E691A024304}.Debug|x86.ActiveCfg = Debug|x86
		{7A688473-85A4-4680-8F71-6E691A024304}.Debug|x86.Build.0 = Debug|x86
		{7A688473-85A4-4680-8F71-6E691A024304}.Release|ARM.ActiveCfg = Release|ARM
		{7A688473-85A4-4680-8F71-6E691A024304}.Release|ARM.Build.0 = Release|ARM
		{7A688473-85A4-4680-8F71-6E691A024304}.Release|ARM64.ActiveCfg = Release|x86
		{7A688473-85A4-4680-8F71-6E691A024304}.Release|x64.ActiveCfg = Release|x86
		{7A688473-85A4-4680-8F71-6E691A024304}.Release|x86.ActiveCfg = Release|x86
		{7A688473-85A4-4680-8F71-6E691A024304}.Release|x86.Build.0 = Release|x86
		{D76235B3-7749-4877-B3D8-BDC0AC852779}.Debug|ARM.ActiveCfg = Debug|ARM
		{D76235B3-7749-4877-B3D8-BDC0AC852779}.Debug|ARM.Build.0 = Debug|ARM
		{D76235B3-7749-4877-B3D8-BDC0AC852779}.Debug|ARM64.ActiveCfg = Debug|ARM64
		{D76235B3-7749-4877-B3D8-BDC0AC852779}.Debug|ARM64.Build.0 = Debug|ARM64
		{D76235B3-7749-4877-B3D8-BDC0AC852779}.Debug|x64.ActiveCfg = Debug|x64
		{D76235B3-7749-4877-B3D8-BDC0AC852779}.Debug|x64.Build.0 = Debug|x64
		{D76235B3-7749-4877-B3D8-BDC0AC852779}.Debug|x86.ActiveCfg = Debug|x86
		{D76235B3-7749-4877-B3D8-BDC0AC852779}.Debug|x86.Build.0 = Debug|x86
		{D76235B3-7749-4877-B3D8-BDC0AC852779}.Release|ARM.ActiveCfg = Release|ARM
		{D76235B3-7749-4877-B3D8-BDC0AC852779}.Release|ARM.Build.0 = Release|ARM
		{D76235B3-7749-4877-B3D8-BDC0AC852779}.Release|ARM64.ActiveCfg = Release|ARM64
		{D76235B3-7749-4877-B3D8-BDC0AC852779}.Release|ARM64.Build.0 = Release|ARM64
		{D76235B3-7749-4877-B3D8-BDC0AC852779}.Release|x64.ActiveCfg = Release|x64
		{D76235B3-7749-4877-B3D8-BDC0AC852779}.Release|x64.Build.0 = Release|x64
		{D76235B3-7749-4877-B3D8-BDC0AC852779}.Release|x86.ActiveCfg = Release|x86
		{D76235B3-7749-4877-B3D8-BDC0AC852779}.Release|x86.Build.0 = Release|x86
		{1F4BC7B4-BBED-44D1-B5A1-BB552F39D9D3}.Debug|ARM.ActiveCfg = Debug|ARM
		{1F4BC7B4-BBED-44D1-B5A1-BB552F39D9D3}.Debug|ARM.Build.0 = Debug|ARM
		{1F4BC7B4-BBED-44D1-B5A1-BB552F39D9D3}.Debug|ARM64.ActiveCfg = Debug|ARM64
		{1F4BC7B4-BBED-44D1-B5A1-BB552F39D9D3}.Debug|ARM64.Build.0 = Debug|ARM64
		{1F4BC7B4-BBED-44D1-B5A1-BB552F39D9D3}.Debug|x64.ActiveCfg = Debug|x64
		{1F4BC7B4-BBED-44D1-B5A1-BB552F39D9D3}.Debug|x64.Build.0 = Debug|x64
		{1F4BC7B4-BBED-44D1-B5A1-BB552F39D9D3}.Debug|x86.ActiveCfg = Debug|x86
		{1F4BC7B4-BBED-44D1-B5A1-BB552F39D9D3}.Debug|x86.Build.0 = Debug|x86
		{1F4BC7B4-BBED-44D1-B5A1-BB552F39D9D3}.Release|ARM.ActiveCfg = Release|ARM
		{1F4BC7B4-BBED-44D1-B5A1-BB552F39D9D3}.Release|ARM.Build.0 = Release|ARM
		{1F4BC7B4-BBED-44D1-B5A1-BB552F39D9D3}.Release|ARM64.ActiveCfg = Release|ARM64
		{1F4BC7B4-BBED-44D1-B5A1-BB552F39D9D3}.Release|ARM64.Build.0 = Release|ARM64
		{1F4BC7B4-BBED-44D1-B5A1-BB552F39D9D3}.Release|x64.ActiveCfg = Release|x64
		{1F4BC7B4-BBED-44D1-B5A1-BB552F39D9D3}.Release|x64.Build.0 = Release|x64
		{1F4BC7B4-BBED-44D1-B5A1-BB552F39D9D3}.Release|x86.ActiveCfg = Release|x86
		{1F4BC7B4-BBED-44D1-B5A1-BB552F39D9D3}.Release|x86.Build.0 = Release|x86
		{A3128374-FC1E-4D94-A5F8-1B1FB2F7D889}.Debug|ARM.ActiveCfg = Debug|ARM
		{A3128374-FC1E-4D94-A5F8-1B1FB2F7D889}.Debug|ARM.Build.0 = Debug|ARM
		{A3128374-FC1E-4D94-A5F8-1B1FB2F7D889}.Debug|ARM64.ActiveCfg = Debug|x86
		{A3128374-FC1E-4D94-A5F8-1B1FB2F7D889}.Debug|x64.ActiveCfg = Debug|x86
		{A3128374-FC1E-4D94-A5F8-1B1FB2F7D889}.Debug|x86.ActiveCfg = Debug|x86
		{A3128374-FC1E-4D94-A5F8-1B1FB2F7D889}.Debug|x86.Build.0 = Debug|x86
		{A3128374-FC1E-4D94-A5F8-1B1FB2F7D889}.Release|ARM.ActiveCfg = Release|ARM
		{A3128374-FC1E-4D94-A5F8-1B1FB2F7D889}.Release|ARM.Build.0 = Release|ARM
		{A3128374-FC1E-4D94-A5F8-1B1FB2F7D889}.Release|ARM64.ActiveCfg = Release|x86
		{A3128374-FC1E-4D94-A5F8-1B1FB2F7D889}.Release|x64.ActiveCfg = Release|x86
		{A3128374-FC1E-4D94-A5F8-1B1FB2F7D889}.Release|x86.ActiveCfg = Release|x86
		{A3128374-FC1E-4D94-A5F8-1B1FB2F7D889}.Release|x86.Build.0 = Release|x86
		{233558B9-D599-44BB-9E4E-6F676F0BD07F}.Debug|ARM.ActiveCfg = Debug|ARM
		{233558B9-D599-44BB-9E4E-6F676F0BD07F}.Debug|ARM.Build.0 = Debug|ARM
		{233558B9-D599-44BB-9E4E-6F676F0BD07F}.Debug|ARM64.ActiveCfg = Debug|x86
		{233558B9-D599-44BB-9E4E-6F676F0BD07F}.Debug|x64.ActiveCfg = Debug|x86
		{233558B9-D599-44BB-9E4E-6F676F0BD07F}.Debug|x86.ActiveCfg = Debug|x86
		{233558B9-D599-44BB-9E4E-6F676F0BD07F}.Debug|x86.Build.0 = Debug|x86
		{233558B9-D599-44BB-9E4E-6F676F0BD07F}.Release|ARM.ActiveCfg = Release|ARM
		{233558B9-D599-44BB-9E4E-6F676F0BD07F}.Release|ARM.Build.0 = Release|ARM
		{233558B9-D599-44BB-9E4E-6F676F0BD07F}.Release|ARM64.ActiveCfg = Release|x86
		{233558B9-D599-44BB-9E4E-6F676F0BD07F}.Release|x64.ActiveCfg = Release|x86
		{233558B9-D599-44BB-9E4E-6F676F0BD07F}.Release|x86.ActiveCfg = Release|x86
		{233558B9-D599-44BB-9E4E-6F676F0BD07F}.Release|x86.Build.0 = Release|x86
		{60302F55-0008-46AE-9ABD-1073C46645B6}.Debug|ARM.ActiveCfg = Debug|ARM
		{60302F55-0008-46AE-9ABD-1073C46645B6}.Debug|ARM.Build.0 = Debug|ARM
		{60302F55-0008-46AE-9ABD-1073C46645B6}.Debug|ARM64.ActiveCfg = Debug|x86
		{60302F55-0008-46AE-9ABD-1073C46645B6}.Debug|x64.ActiveCfg = Debug|x86
		{60302F55-0008-46AE-9ABD-1073C46645B6}.Debug|x86.ActiveCfg = Debug|x86
		{60302F55-0008-46AE-9ABD-1073C46645B6}.Debug|x86.Build.0 = Debug|x86
		{60302F55-0008-46AE-9ABD-1073C46645B6}.Release|ARM.ActiveCfg = Release|ARM
		{60302F55-0008-46AE-9ABD-1073C46645B6}.Release|ARM.Build.0 = Release|ARM
		{60302F55-0008-46AE-9ABD-1073C46645B6}.Release|ARM64.ActiveCfg = Release|x86
		{60302F55-0008-46AE-9ABD-1073C46645B6}.Release|x64.ActiveCfg = Release|x86
		{60302F55-0008-46AE-9ABD-1073C46645B6}.Release|x86.ActiveCfg = Release|x86
		{60302F55-0008-46AE-9ABD-1073C46645B6}.Release|x86.Build.0 = Release|x86
		{0083469F-EFBC-45A3-97AE-C2A4C67A800B}.Debug|ARM.ActiveCfg = Debug|ARM
		{0083469F-EFBC-45A3-97AE-C2A4C67A800B}.Debug|ARM.Build.0 = Debug|ARM
		{0083469F-EFBC-45A3-97AE-C2A4C67A800B}.Debug|ARM64.ActiveCfg = Debug|x86
		{0083469F-EFBC-45A3-97AE-C2A4C67A800B}.Debug|x64.ActiveCfg = Debug|x86
		{0083469F-EFBC-45A3-97AE-C2A4C67A800B}.Debug|x86.ActiveCfg = Debug|x86
		{0083469F-EFBC-45A3-97AE-C2A4C67A800B}.Debug|x86.Build.0 = Debug|x86
		{0083469F-EFBC-45A3-97AE-C2A4C67A800B}.Release|ARM.ActiveCfg = Release|ARM
		{0083469F-EFBC-45A3-97AE-C2A4C67A800B}.Release|ARM.Build.0 = Release|ARM
		{0083469F-EFBC-45A3-97AE-C2A4C67A800B}.Release|ARM64.ActiveCfg = Release|x86
		{0083469F-EFBC-45A3-97AE-C2A4C67A800B}.Release|x64.ActiveCfg = Release|x86
		{0083469F-EFBC-45A3-97AE-C2A4C67A800B}.Release|x86.ActiveCfg = Release|x86
		{0083469F-EFBC-45A3-97AE-C2A4C67A800B}.Release|x86.Build.0 = Release|x86
		{C2B44A48-7789-4B17-9C32-453D4AC7B10D}.Debug|ARM.ActiveCfg = Debug|ARM
		{C2B44A48-7789-4B17-9C32-453D4AC7B10D}.Debug|ARM.Build.0 = Debug|ARM
		{C2B44A48-7789-4B17-9C32-453D4AC7B10D}.Debug|ARM64.ActiveCfg = Debug|ARM64
		{C2B44A48-7789-4B17-9C32-453D4AC7B10D}.Debug|ARM64.Build.0 = Debug|ARM64
		{C2B44A48-7789-4B17-9C32-453D4AC7B10D}.Debug|x64.ActiveCfg = Debug|x64
		{C2B44A48-7789-4B17-9C32-453D4AC7B10D}.Debug|x64.Build.0 = Debug|x64
		{C2B44A48-7789-4B17-9C32-453D4AC7B10D}.Debug|x86.ActiveCfg = Debug|x86
		{C2B44A48-7789-4B17-9C32-453D4AC7B10D}.Debug|x86.Build.0 = Debug|x86
		{C2B44A48-7789-4B17-9C32-453D4AC7B10D}.Release|ARM.ActiveCfg = Release|ARM
		{C2B44A48-7789-4B17-9C32-453D4AC7B10D}.Release|ARM.Build.0 = Release|ARM
		{C2B44A48-7789-4B17-9C32-453D4AC7B10D}.Release|ARM64.ActiveCfg = Release|ARM64
		{C2B44A48-7789-4B17-9C32-453D4AC7B10D}.Release|ARM64.Build.0 = Release|ARM64
		{C2B44A48-7789-4B17-9C32-453D4AC7B10D}.Release|x64.ActiveCfg = Release|x64
		{C2B44A48-7789-4B17-9C32-453D4AC7B10D}.Release|x64.Build.0 = Release|x64
		{C2B44A48-7789-4B17-9C32-453D4AC7B10D}.Release|x86.ActiveCfg = Release|x86
		{C2B44A48-7789-4B17-9C32-453D4AC7B10D}.Release|x86.Build.0 = Release|x86
		{0544C210-7C17-4109-909B-255F4BE3EAF2}.Debug|ARM.ActiveCfg = Debug|ARM
		{0544C210-7C17-4109-909B-255F4BE3EAF2}.Debug|ARM.Build.0 = Debug|ARM
		{0544C210-7C17-4109-909B-255F4BE3EAF2}.Debug|ARM64.ActiveCfg = Debug|x86
		{0544C210-7C17-4109-909B-255F4BE3EAF2}.Debug|x64.ActiveCfg = Debug|x86
		{0544C210-7C17-4109-909B-255F4BE3EAF2}.Debug|x86.ActiveCfg = Debug|x86
		{0544C210-7C17-4109-909B-255F4BE3EAF2}.Debug|x86.Build.0 = Debug|x86
		{0544C210-7C17-4109-909B-255F4BE3EAF2}.Release|ARM.ActiveCfg = Release|ARM
		{0544C210-7C17-4109-909B-255F4BE3EAF2}.Release|ARM.Build.0 = Release|ARM
		{0544C210-7C17-4109-909B-255F4BE3EAF2}.Release|ARM64.ActiveCfg = Release|x86
		{0544C210-7C17-4109-909B-255F4BE3EAF2}.Release|x64.ActiveCfg = Release|x86
		{0544C210-7C17-4109-909B-255F4BE3EAF2}.Release|x86.ActiveCfg = Release|x86
		{0544C210-7C17-4109-909B-255F4BE3EAF2}.Release|x86.Build.0 = Release|x86
		{DD9727C3-9EFC-4848-9295-3A5FCEE5EDA6}.Debug|ARM.ActiveCfg = Debug|ARM
		{DD9727C3-9EFC-4848-9295-3A5FCEE5EDA6}.Debug|ARM.Build.0 = Debug|ARM
		{DD9727C3-9EFC-4848-9295-3A5FCEE5EDA6}.Debug|ARM64.ActiveCfg = Debug|x86
		{DD9727C3-9EFC-4848-9295-3A5FCEE5EDA6}.Debug|x64.ActiveCfg = Debug|x86
		{DD9727C3-9EFC-4848-9295-3A5FCEE5EDA6}.Debug|x86.ActiveCfg = Debug|x86
		{DD9727C3-9EFC-4848-9295-3A5FCEE5EDA6}.Debug|x86.Build.0 = Debug|x86
		{DD9727C3-9EFC-4848-9295-3A5FCEE5EDA6}.Release|ARM.ActiveCfg = Release|ARM
		{DD9727C3-9EFC-4848-9295-3A5FCEE5EDA6}.Release|ARM.Build.0 = Release|ARM
		{DD9727C3-9EFC-4848-9295-3A5FCEE5EDA6}.Release|ARM64.ActiveCfg = Release|x86
		{DD9727C3-9EFC-4848-9295-3A5FCEE5EDA6}.Release|x64.ActiveCfg = Release|x86
		{DD9727C3-9EFC-4848-9295-3A5FCEE5EDA6}.Release|x86.ActiveCfg = Release|x86
		{DD9727C3-9EFC-4848-9295-3A5FCEE5EDA6}.Release|x86.Build.0 = Release|x86
		{84D8F5BF-BFFF-4966-9874-C7D47F1892FB}.Debug|ARM.ActiveCfg = Debug|ARM
		{84D8F5BF-BFFF-4966-9874-C7D47F1892FB}.Debug|ARM.Build.0 = Debug|ARM
		{84D8F5BF-BFFF-4966-9874-C7D47F1892FB}.Debug|ARM64.ActiveCfg = Debug|ARM64
		{84D8F5BF-BFFF-4966-9874-C7D47F1892FB}.Debug|ARM64.Build.0 = Debug|ARM64
		{84D8F5BF-BFFF-4966-9874-C7D47F1892FB}.Debug|x64.ActiveCfg = Debug|x64
		{84D8F5BF-BFFF-4966-9874-C7D47F1892FB}.Debug|x64.Build.0 = Debug|x64
		{84D8F5BF-BFFF-4966-9874-C7D47F1892FB}.Debug|x86.ActiveCfg = Debug|x86
		{84D8F5BF-BFFF-4966-9874-C7D47F1892FB}.Debug|x86.Build.0 = Debug|x86
		{84D8F5BF-BFFF-4966-9874-C7D47F1892FB}.Release|ARM.ActiveCfg = Release|ARM
		{84D8F5BF-BFFF-4966-9874-C7D47F1892FB}.Release|ARM.Build.0 = Release|ARM
		{84D8F5BF-BFFF-4966-9874-C7D47F1892FB}.Release|ARM64.ActiveCfg = Release|ARM64
		{84D8F5BF-BFFF-4966-9874-C7D47F1892FB}.Release|ARM64.Build.0 = Release|ARM64
		{84D8F5BF-BFFF-4966-9874-C7D47F1892FB}.Release|x64.ActiveCfg = Release|x64
		{84D8F5BF-BFFF-4966-9874-C7D47F1892FB}.Release|x64.Build.0 = Release|x64
		{84D8F5BF-BFFF-4966-9874-C7D47F1892FB}.Release|x86.ActiveCfg = Release|x86
		{84D8F5BF-BFFF-4966-9874-C7D47F1892FB}.Release|x86.Build.0 = Release|x86
		{2B101BC5-B22B-4431-B8C4-5DB37469115C}.Debug|ARM.ActiveCfg = Debug|ARM
		{2B101BC5-B22B-4431-B8C4-5DB37469115C}.Debug|ARM.Build.0 = Debug|ARM
		{2B101BC5-B22B-4431-B8C4-5DB37469115C}.Debug|ARM64.ActiveCfg = Debug|ARM64
		{2B101BC5-B22B-4431-B8C4-5DB37469115C}.Debug|ARM64.Build.0 = Debug|ARM64
		{2B101BC5-B22B-4431-B8C4-5DB37469115C}.Debug|x64.ActiveCfg = Debug|x64
		{2B101BC5-B22B-4431-B8C4-5DB37469115C}.Debug|x64.Build.0 = Debug|x64
		{2B101BC5-B22B-4431-B8C4-5DB37469115C}.Debug|x86.ActiveCfg = Debug|x86
		{2B101BC5-B22B-4431-B8C4-5DB37469115C}.Debug|x86.Build.0 = Debug|x86
		{2B101BC5-B22B-4431-B8C4-5DB37469115C}.Release|ARM.ActiveCfg = Release|ARM
		{2B101BC5-B22B-4431-B8C4-5DB37469115C}.Release|ARM.Build.0 = Release|ARM
		{2B101BC5-B22B-4431-B8C4-5DB37469115C}.Release|ARM64.ActiveCfg = Release|ARM64
		{2B101BC5-B22B-4431-B8C4-5DB37469115C}.Release|ARM64.Build.0 = Release|ARM64
		{2B101BC5-B22B-4431-B8C4-5DB37469115C}.Release|x64.ActiveCfg = Release|x64
		{2B101BC5-B22B-4431-B8C4-5DB37469115C}.Release|x64.Build.0 = Release|x64
		{2B101BC5-B22B-4431-B8C4-5DB37469115C}.Release|x86.ActiveCfg = Release|x86
		{2B101BC5-B22B-4431-B8C4-5DB37469115C}.Release|x86.Build.0 = Release|x86
		{5E7AC5D9-265F-4248-9C1A-B8A4A253E5E4}.Debug|ARM.ActiveCfg = Debug|ARM
		{5E7AC5D9-265F-4248-9C1A-B8A4A253E5E4}.Debug|ARM.Build.0 = Debug|ARM
		{5E7AC5D9-265F-4248-9C1A-B8A4A253E5E4}.Debug|ARM64.ActiveCfg = Debug|ARM64
		{5E7AC5D9-265F-4248-9C1A-B8A4A253E5E4}.Debug|ARM64.Build.0 = Debug|ARM64
		{5E7AC5D9-265F-4248-9C1A-B8A4A253E5E4}.Debug|x64.ActiveCfg = Debug|x64
		{5E7AC5D9-265F-4248-9C1A-B8A4A253E5E4}.Debug|x64.Build.0 = Debug|x64
		{5E7AC5D9-265F-4248-9C1A-B8A4A253E5E4}.Debug|x86.ActiveCfg = Debug|x86
		{5E7AC5D9-265F-4248-9C1A-B8A4A253E5E4}.Debug|x86.Build.0 = Debug|x86
		{5E7AC5D9-265F-4248-9C1A-B8A4A253E5E4}.Release|ARM.ActiveCfg = Release|ARM
		{5E7AC5D9-265F-4248-9C1A-B8A4A253E5E4}.Release|ARM.Build.0 = Release|ARM
		{5E7AC5D9-265F-4248-9C1A-B8A4A253E5E4}.Release|ARM64.ActiveCfg = Release|ARM64
		{5E7AC5D9-265F-4248-9C1A-B8A4A253E5E4}.Release|ARM64.Build.0 = Release|ARM64
		{5E7AC5D9-265F-4248-9C1A-B8A4A253E5E4}.Release|x64.ActiveCfg = Release|x64
		{5E7AC5D9-265F-4248-9C1A-B8A4A253E5E4}.Release|x64.Build.0 = Release|x64
		{5E7AC5D9-265F-4248-9C1A-B8A4A253E5E4}.Release|x86.ActiveCfg = Release|x86
		{5E7AC5D9-265F-4248-9C1A-B8A4A253E5E4}.Release|x86.Build.0 = Release|x86
		{B1F9247E-5BDA-4A7F-880A-95F765826180}.Debug|ARM.ActiveCfg = Debug|ARM
		{B1F9247E-5BDA-4A7F-880A-95F765826180}.Debug|ARM.Build.0 = Debug|ARM
		{B1F9247E-5BDA-4A7F-880A-95F765826180}.Debug|ARM64.ActiveCfg = Debug|ARM64
		{B1F9247E-5BDA-4A7F-880A-95F765826180}.Debug|ARM64.Build.0 = Debug|ARM64
		{B1F9247E-5BDA-4A7F-880A-95F765826180}.Debug|x64.ActiveCfg = Debug|x64
		{B1F9247E-5BDA-4A7F-880A-95F765826180}.Debug|x64.Build.0 = Debug|x64
		{B1F9247E-5BDA-4A7F-880A-95F765826180}.Debug|x86.ActiveCfg = Debug|x86
		{B1F9247E-5BDA-4A7F-880A-95F765826180}.Debug|x86.Build.0 = Debug|x86
		{B1F9247E-5BDA-4A7F-880A-95F765826180}.Release|ARM.ActiveCfg = Release|ARM
		{B1F9247E-5BDA-4A7F-880A-95F765826180}.Release|ARM.Build.0 = Release|ARM
		{B1F9247E-5BDA-4A7F-880A-95F765826180}.Release|ARM64.ActiveCfg = Release|ARM64
		{B1F9247E-5BDA-4A7F-880A-95F765826180}.Release|ARM64.Build.0 = Release|ARM64
		{B1F9247E-5BDA-4A7F-880A-95F765826180}.Release|x64.ActiveCfg = Release|x64
		{B1F9247E-5BDA-4A7F-880A-95F765826180}.Release|x64.Build.0 = Release|x64
		{B1F9247E-5BDA-4A7F-880A-95F765826180}.Release|x86.ActiveCfg = Release|x86
		{B1F9247E-5BDA-4A7F-880A-95F765826180}.Release|x86.Build.0 = Release|x86
		{20292319-7001-4721-B279-B967AE1AD521}.Debug|ARM.ActiveCfg = Debug|ARM
		{20292319-7001-4721-B279-B967AE1AD521}.Debug|ARM.Build.0 = Debug|ARM
		{20292319-7001-4721-B279-B967AE1AD521}.Debug|ARM64.ActiveCfg = Debug|x86
		{20292319-7001-4721-B279-B967AE1AD521}.Debug|x64.ActiveCfg = Debug|x86
		{20292319-7001-4721-B279-B967AE1AD521}.Debug|x86.ActiveCfg = Debug|x86
		{20292319-7001-4721-B279-B967AE1AD521}.Debug|x86.Build.0 = Debug|x86
		{20292319-7001-4721-B279-B967AE1AD521}.Release|ARM.ActiveCfg = Release|ARM
		{20292319-7001-4721-B279-B967AE1AD521}.Release|ARM.Build.0 = Release|ARM
		{20292319-7001-4721-B279-B967AE1AD521}.Release|ARM64.ActiveCfg = Release|x86
		{20292319-7001-4721-B279-B967AE1AD521}.Release|x64.ActiveCfg = Release|x86
		{20292319-7001-4721-B279-B967AE1AD521}.Release|x86.ActiveCfg = Release|x86
		{20292319-7001-4721-B279-B967AE1AD521}.Release|x86.Build.0 = Release|x86
		{AB048D9F-65DC-4B68-A692-0D47C6C668B0}.Debug|ARM.ActiveCfg = Debug|ARM
		{AB048D9F-65DC-4B68-A692-0D47C6C668B0}.Debug|ARM.Build.0 = Debug|ARM
		{AB048D9F-65DC-4B68-A692-0D47C6C668B0}.Debug|ARM64.ActiveCfg = Debug|ARM64
		{AB048D9F-65DC-4B68-A692-0D47C6C668B0}.Debug|ARM64.Build.0 = Debug|ARM64
		{AB048D9F-65DC-4B68-A692-0D47C6C668B0}.Debug|x64.ActiveCfg = Debug|x64
		{AB048D9F-65DC-4B68-A692-0D47C6C668B0}.Debug|x64.Build.0 = Debug|x64
		{AB048D9F-65DC-4B68-A692-0D47C6C668B0}.Debug|x86.ActiveCfg = Debug|x86
		{AB048D9F-65DC-4B68-A692-0D47C6C668B0}.Debug|x86.Build.0 = Debug|x86
		{AB048D9F-65DC-4B68-A692-0D47C6C668B0}.Release|ARM.ActiveCfg = Release|ARM
		{AB048D9F-65DC-4B68-A692-0D47C6C668B0}.Release|ARM.Build.0 = Release|ARM
		{AB048D9F-65DC-4B68-A692-0D47C6C668B0}.Release|ARM64.ActiveCfg = Release|ARM64
		{AB048D9F-65DC-4B68-A692-0D47C6C668B0}.Release|ARM64.Build.0 = Release|ARM64
		{AB048D9F-65DC-4B68-A692-0D47C6C668B0}.Release|x64.ActiveCfg = Release|x64
		{AB048D9F-65DC-4B68-A692-0D47C6C668B0}.Release|x64.Build.0 = Release|x64
		{AB048D9F-65DC-4B68-A692-0D47C6C668B0}.Release|x86.ActiveCfg = Release|x86
		{AB048D9F-65DC-4B68-A692-0D47C6C668B0}.Release|x86.Build.0 = Release|x86
		{BF775122-E281-4522-914A-14903B2B3436}.Debug|ARM.ActiveCfg = Debug|ARM
		{BF775122-E281-4522-914A-14903B2B3436}.Debug|ARM.Build.0 = Debug|ARM
		{BF775122-E281-4522-914A-14903B2B3436}.Debug|ARM64.ActiveCfg = Debug|ARM64
		{BF775122-E281-4522-914A-14903B2B3436}.Debug|ARM64.Build.0 = Debug|ARM64
		{BF775122-E281-4522-914A-14903B2B3436}.Debug|x64.ActiveCfg = Debug|x64
		{BF775122-E281-4522-914A-14903B2B3436}.Debug|x64.Build.0 = Debug|x64
		{BF775122-E281-4522-914A-14903B2B3436}.Debug|x86.ActiveCfg = Debug|x86
		{BF775122-E281-4522-914A-14903B2B3436}.Debug|x86.Build.0 = Debug|x86
		{BF775122-E281-4522-914A-14903B2B3436}.Release|ARM.ActiveCfg = Release|ARM
		{BF775122-E281-4522-914A-14903B2B3436}.Release|ARM.Build.0 = Release|ARM
		{BF775122-E281-4522-914A-14903B2B3436}.Release|ARM64.ActiveCfg = Release|ARM64
		{BF775122-E281-4522-914A-14903B2B3436}.Release|ARM64.Build.0 = Release|ARM64
		{BF775122-E281-4522-914A-14903B2B3436}.Release|x64.ActiveCfg = Release|x64
		{BF775122-E281-4522-914A-14903B2B3436}.Release|x64.Build.0 = Release|x64
		{BF775122-E281-4522-914A-14903B2B3436}.Release|x86.ActiveCfg = Release|x86
		{BF775122-E281-4522-914A-14903B2B3436}.Release|x86.Build.0 = Release|x86
		{33591820-91CC-4A98-B325-9D1EA7A13154}.Debug|ARM.ActiveCfg = Debug|ARM
		{33591820-91CC-4A98-B325-9D1EA7A13154}.Debug|ARM.Build.0 = Debug|ARM
		{33591820-91CC-4A98-B325-9D1EA7A13154}.Debug|ARM64.ActiveCfg = Debug|x86
		{33591820-91CC-4A98-B325-9D1EA7A13154}.Debug|x64.ActiveCfg = Debug|x86
		{33591820-91CC-4A98-B325-9D1EA7A13154}.Debug|x86.ActiveCfg = Debug|x86
		{33591820-91CC-4A98-B325-9D1EA7A13154}.Debug|x86.Build.0 = Debug|x86
		{33591820-91CC-4A98-B325-9D1EA7A13154}.Release|ARM.ActiveCfg = Release|ARM
		{33591820-91CC-4A98-B325-9D1EA7A13154}.Release|ARM.Build.0 = Release|ARM
		{33591820-91CC-4A98-B325-9D1EA7A13154}.Release|ARM64.ActiveCfg = Release|x86
		{33591820-91CC-4A98-B325-9D1EA7A13154}.Release|x64.ActiveCfg = Release|x86
		{33591820-91CC-4A98-B325-9D1EA7A13154}.Release|x86.ActiveCfg = Release|x86
		{33591820-91CC-4A98-B325-9D1EA7A13154}.Release|x86.Build.0 = Release|x86
	EndGlobalSection
	GlobalSection(SolutionProperties) = preSolution
		HideSolutionNode = FALSE
	EndGlobalSection
	GlobalSection(ExtensibilityGlobals) = postSolution
		SolutionGuid = {5E05BFD5-4E45-45A9-8EFE-D4ACD5AB6911}
	EndGlobalSection
EndGlobal
